
Microsoft Visual Studio Solution File, Format Version 12.00
# Visual Studio 15
VisualStudioVersion = 15.0.28307.136
MinimumVisualStudioVersion = 10.0.40219.1
Project("{FAE04EC0-301F-11D3-BF4B-00C04F79EFBC}") = "HelloWorldApplication", "HelloWorldApplication\HelloWorldApplication.csproj", "{BB3CAA82-2565-4385-92A5-5EA918C35AC7}"
EndProject
Project("{FAE04EC0-301F-11D3-BF4B-00C04F79EFBC}") = "OperatorsAppl", "OperatorsAppl\OperatorsAppl.csproj", "{C3FC92D6-EDB7-4EE6-A930-107729FA8814}"
EndProject
Project("{FAE04EC0-301F-11D3-BF4B-00C04F79EFBC}") = "RelationalOperatorsAppl", "RelationalOperatorsAppl\RelationalOperatorsAppl.csproj", "{D1F71D3F-3C1F-4F10-8829-F0365EF829D2}"
EndProject
Project("{FAE04EC0-301F-11D3-BF4B-00C04F79EFBC}") = "LogicalOperatorsAppl", "LogicalOperatorsAppl\LogicalOperatorsAppl.csproj", "{5D1F6A17-E185-41EB-8C53-C898C384A6C9}"
EndProject
Project("{FAE04EC0-301F-11D3-BF4B-00C04F79EFBC}") = "BitwiseOperatorsAppl", "BitwiseOperatorsAppl\BitwiseOperatorsAppl.csproj", "{1040B8E8-3671-44BB-90A2-4686DEB161B2}"
EndProject
Project("{FAE04EC0-301F-11D3-BF4B-00C04F79EFBC}") = "AssignmentOperatorsAppl", "AssignmentOperatorsAppl\AssignmentOperatorsAppl.csproj", "{8D636959-CDE2-4BAE-9BFB-3D63CD2AEBB0}"
EndProject
Project("{FAE04EC0-301F-11D3-BF4B-00C04F79EFBC}") = "DecisionMakingIf", "DecisionMakingIf\DecisionMakingIf.csproj", "{ACDE1F75-7D10-4393-B104-423D826C8E48}"
EndProject
Project("{FAE04EC0-301F-11D3-BF4B-00C04F79EFBC}") = "DecisionMakingIfElse", "DecisionMakingIfElse\DecisionMakingIfElse.csproj", "{297C8526-5E20-40E7-992F-0811332610EA}"
EndProject
Project("{FAE04EC0-301F-11D3-BF4B-00C04F79EFBC}") = "DecisionMakingIfElseIfElse", "DecisionMakingIfElseIfElse\DecisionMakingIfElseIfElse.csproj", "{865186B7-21DF-43BD-A3AF-13F9F09DCB70}"
EndProject
Project("{FAE04EC0-301F-11D3-BF4B-00C04F79EFBC}") = "DecisionMakingNestedIf", "DecisionMakingNestedIf\DecisionMakingNestedIf.csproj", "{20BD0350-B18F-46CC-8637-1292456A6147}"
EndProject
Project("{FAE04EC0-301F-11D3-BF4B-00C04F79EFBC}") = "DecisionMakingSwitch", "DecisionMakingSwitch\DecisionMakingSwitch.csproj", "{01B1E2AE-D9ED-4540-B0DB-A1F58573B5FA}"
EndProject
Project("{FAE04EC0-301F-11D3-BF4B-00C04F79EFBC}") = "DecisionMakingNestedSwitch", "DecisionMakingNestedSwitch\DecisionMakingNestedSwitch.csproj", "{2500CC6C-D8A6-40C1-862F-02080E674A77}"
EndProject
Project("{FAE04EC0-301F-11D3-BF4B-00C04F79EFBC}") = "OperatorsPrecedenceAppl", "OperatorsPrecedenceAppl\OperatorsPrecedenceAppl.csproj", "{A0FE1B61-5A6C-4C13-884B-0E707504CFDE}"
EndProject
Global
	GlobalSection(SolutionConfigurationPlatforms) = preSolution
		Debug|Any CPU = Debug|Any CPU
		Release|Any CPU = Release|Any CPU
	EndGlobalSection
	GlobalSection(ProjectConfigurationPlatforms) = postSolution
		{BB3CAA82-2565-4385-92A5-5EA918C35AC7}.Debug|Any CPU.ActiveCfg = Debug|Any CPU
		{BB3CAA82-2565-4385-92A5-5EA918C35AC7}.Debug|Any CPU.Build.0 = Debug|Any CPU
		{BB3CAA82-2565-4385-92A5-5EA918C35AC7}.Release|Any CPU.ActiveCfg = Release|Any CPU
		{BB3CAA82-2565-4385-92A5-5EA918C35AC7}.Release|Any CPU.Build.0 = Release|Any CPU
		{C3FC92D6-EDB7-4EE6-A930-107729FA8814}.Debug|Any CPU.ActiveCfg = Debug|Any CPU
		{C3FC92D6-EDB7-4EE6-A930-107729FA8814}.Debug|Any CPU.Build.0 = Debug|Any CPU
		{C3FC92D6-EDB7-4EE6-A930-107729FA8814}.Release|Any CPU.ActiveCfg = Release|Any CPU
		{C3FC92D6-EDB7-4EE6-A930-107729FA8814}.Release|Any CPU.Build.0 = Release|Any CPU
		{D1F71D3F-3C1F-4F10-8829-F0365EF829D2}.Debug|Any CPU.ActiveCfg = Debug|Any CPU
		{D1F71D3F-3C1F-4F10-8829-F0365EF829D2}.Debug|Any CPU.Build.0 = Debug|Any CPU
		{D1F71D3F-3C1F-4F10-8829-F0365EF829D2}.Release|Any CPU.ActiveCfg = Release|Any CPU
		{D1F71D3F-3C1F-4F10-8829-F0365EF829D2}.Release|Any CPU.Build.0 = Release|Any CPU
		{5D1F6A17-E185-41EB-8C53-C898C384A6C9}.Debug|Any CPU.ActiveCfg = Debug|Any CPU
		{5D1F6A17-E185-41EB-8C53-C898C384A6C9}.Debug|Any CPU.Build.0 = Debug|Any CPU
		{5D1F6A17-E185-41EB-8C53-C898C384A6C9}.Release|Any CPU.ActiveCfg = Release|Any CPU
		{5D1F6A17-E185-41EB-8C53-C898C384A6C9}.Release|Any CPU.Build.0 = Release|Any CPU
		{1040B8E8-3671-44BB-90A2-4686DEB161B2}.Debug|Any CPU.ActiveCfg = Debug|Any CPU
		{1040B8E8-3671-44BB-90A2-4686DEB161B2}.Debug|Any CPU.Build.0 = Debug|Any CPU
		{1040B8E8-3671-44BB-90A2-4686DEB161B2}.Release|Any CPU.ActiveCfg = Release|Any CPU
		{1040B8E8-3671-44BB-90A2-4686DEB161B2}.Release|Any CPU.Build.0 = Release|Any CPU
		{8D636959-CDE2-4BAE-9BFB-3D63CD2AEBB0}.Debug|Any CPU.ActiveCfg = Debug|Any CPU
		{8D636959-CDE2-4BAE-9BFB-3D63CD2AEBB0}.Debug|Any CPU.Build.0 = Debug|Any CPU
		{8D636959-CDE2-4BAE-9BFB-3D63CD2AEBB0}.Release|Any CPU.ActiveCfg = Release|Any CPU
		{8D636959-CDE2-4BAE-9BFB-3D63CD2AEBB0}.Release|Any CPU.Build.0 = Release|Any CPU
		{ACDE1F75-7D10-4393-B104-423D826C8E48}.Debug|Any CPU.ActiveCfg = Debug|Any CPU
		{ACDE1F75-7D10-4393-B104-423D826C8E48}.Debug|Any CPU.Build.0 = Debug|Any CPU
		{ACDE1F75-7D10-4393-B104-423D826C8E48}.Release|Any CPU.ActiveCfg = Release|Any CPU
		{ACDE1F75-7D10-4393-B104-423D826C8E48}.Release|Any CPU.Build.0 = Release|Any CPU
		{297C8526-5E20-40E7-992F-0811332610EA}.Debug|Any CPU.ActiveCfg = Debug|Any CPU
		{297C8526-5E20-40E7-992F-0811332610EA}.Debug|Any CPU.Build.0 = Debug|Any CPU
		{297C8526-5E20-40E7-992F-0811332610EA}.Release|Any CPU.ActiveCfg = Release|Any CPU
		{297C8526-5E20-40E7-992F-0811332610EA}.Release|Any CPU.Build.0 = Release|Any CPU
		{865186B7-21DF-43BD-A3AF-13F9F09DCB70}.Debug|Any CPU.ActiveCfg = Debug|Any CPU
		{865186B7-21DF-43BD-A3AF-13F9F09DCB70}.Debug|Any CPU.Build.0 = Debug|Any CPU
		{865186B7-21DF-43BD-A3AF-13F9F09DCB70}.Release|Any CPU.ActiveCfg = Release|Any CPU
		{865186B7-21DF-43BD-A3AF-13F9F09DCB70}.Release|Any CPU.Build.0 = Release|Any CPU
		{20BD0350-B18F-46CC-8637-1292456A6147}.Debug|Any CPU.ActiveCfg = Debug|Any CPU
		{20BD0350-B18F-46CC-8637-1292456A6147}.Debug|Any CPU.Build.0 = Debug|Any CPU
		{20BD0350-B18F-46CC-8637-1292456A6147}.Release|Any CPU.ActiveCfg = Release|Any CPU
		{20BD0350-B18F-46CC-8637-1292456A6147}.Release|Any CPU.Build.0 = Release|Any CPU
		{01B1E2AE-D9ED-4540-B0DB-A1F58573B5FA}.Debug|Any CPU.ActiveCfg = Debug|Any CPU
		{01B1E2AE-D9ED-4540-B0DB-A1F58573B5FA}.Debug|Any CPU.Build.0 = Debug|Any CPU
		{01B1E2AE-D9ED-4540-B0DB-A1F58573B5FA}.Release|Any CPU.ActiveCfg = Release|Any CPU
		{01B1E2AE-D9ED-4540-B0DB-A1F58573B5FA}.Release|Any CPU.Build.0 = Release|Any CPU
		{2500CC6C-D8A6-40C1-862F-02080E674A77}.Debug|Any CPU.ActiveCfg = Debug|Any CPU
		{2500CC6C-D8A6-40C1-862F-02080E674A77}.Debug|Any CPU.Build.0 = Debug|Any CPU
		{2500CC6C-D8A6-40C1-862F-02080E674A77}.Release|Any CPU.ActiveCfg = Release|Any CPU
		{2500CC6C-D8A6-40C1-862F-02080E674A77}.Release|Any CPU.Build.0 = Release|Any CPU
		{A0FE1B61-5A6C-4C13-884B-0E707504CFDE}.Debug|Any CPU.ActiveCfg = Debug|Any CPU
		{A0FE1B61-5A6C-4C13-884B-0E707504CFDE}.Debug|Any CPU.Build.0 = Debug|Any CPU
		{A0FE1B61-5A6C-4C13-884B-0E707504CFDE}.Release|Any CPU.ActiveCfg = Release|Any CPU
		{A0FE1B61-5A6C-4C13-884B-0E707504CFDE}.Release|Any CPU.Build.0 = Release|Any CPU
	EndGlobalSection
	GlobalSection(SolutionProperties) = preSolution
		HideSolutionNode = FALSE
	EndGlobalSection
	GlobalSection(ExtensibilityGlobals) = postSolution
		SolutionGuid = {D8A31E1A-72AE-40CC-AB9E-420A923F0D04}
	EndGlobalSection
EndGlobal
