
Microsoft Visual Studio Solution File, Format Version 12.00
# Visual Studio 15
VisualStudioVersion = 15.0.28307.136
MinimumVisualStudioVersion = 10.0.40219.1
Project("{FAE04EC0-301F-11D3-BF4B-00C04F79EFBC}") = "HelloWorldApplication", "HelloWorldApplication\HelloWorldApplication.csproj", "{BB3CAA82-2565-4385-92A5-5EA918C35AC7}"
EndProject
Project("{FAE04EC0-301F-11D3-BF4B-00C04F79EFBC}") = "OperatorsAppl", "OperatorsAppl\OperatorsAppl.csproj", "{C3FC92D6-EDB7-4EE6-A930-107729FA8814}"
EndProject
Global
	GlobalSection(SolutionConfigurationPlatforms) = preSolution
		Debug|Any CPU = Debug|Any CPU
		Release|Any CPU = Release|Any CPU
	EndGlobalSection
	GlobalSection(ProjectConfigurationPlatforms) = postSolution
		{BB3CAA82-2565-4385-92A5-5EA918C35AC7}.Debug|Any CPU.ActiveCfg = Debug|Any CPU
		{BB3CAA82-2565-4385-92A5-5EA918C35AC7}.Debug|Any CPU.Build.0 = Debug|Any CPU
		{BB3CAA82-2565-4385-92A5-5EA918C35AC7}.Release|Any CPU.ActiveCfg = Release|Any CPU
		{BB3CAA82-2565-4385-92A5-5EA918C35AC7}.Release|Any CPU.Build.0 = Release|Any CPU
		{C3FC92D6-EDB7-4EE6-A930-107729FA8814}.Debug|Any CPU.ActiveCfg = Debug|Any CPU
		{C3FC92D6-EDB7-4EE6-A930-107729FA8814}.Debug|Any CPU.Build.0 = Debug|Any CPU
		{C3FC92D6-EDB7-4EE6-A930-107729FA8814}.Release|Any CPU.ActiveCfg = Release|Any CPU
		{C3FC92D6-EDB7-4EE6-A930-107729FA8814}.Release|Any CPU.Build.0 = Release|Any CPU
	EndGlobalSection
	GlobalSection(SolutionProperties) = preSolution
		HideSolutionNode = FALSE
	EndGlobalSection
	GlobalSection(ExtensibilityGlobals) = postSolution
		SolutionGuid = {D8A31E1A-72AE-40CC-AB9E-420A923F0D04}
	EndGlobalSection
EndGlobal
