
Microsoft Visual Studio Solution File, Format Version 12.00
# Visual Studio 15
VisualStudioVersion = 15.0.27703.2000
MinimumVisualStudioVersion = 10.0.40219.1
Project("{2150E333-8FDC-42A3-9474-1A3956D46DE8}") = "Basics", "Basics", "{3BF59989-46A4-4C32-83D7-ECD216F093A6}"
EndProject
Project("{FAE04EC0-301F-11D3-BF4B-00C04F79EFBC}") = "CSF_Basics_HelloWorld", "CSF_Basics_HelloWorld\CSF_Basics_HelloWorld.csproj", "{3F6DA869-5EA2-440A-9AAA-73A08059EFC2}"
EndProject
Global
	GlobalSection(SolutionConfigurationPlatforms) = preSolution
		Debug|Any CPU = Debug|Any CPU
		Release|Any CPU = Release|Any CPU
	EndGlobalSection
	GlobalSection(ProjectConfigurationPlatforms) = postSolution
		{3F6DA869-5EA2-440A-9AAA-73A08059EFC2}.Debug|Any CPU.ActiveCfg = Debug|Any CPU
		{3F6DA869-5EA2-440A-9AAA-73A08059EFC2}.Debug|Any CPU.Build.0 = Debug|Any CPU
		{3F6DA869-5EA2-440A-9AAA-73A08059EFC2}.Release|Any CPU.ActiveCfg = Release|Any CPU
		{3F6DA869-5EA2-440A-9AAA-73A08059EFC2}.Release|Any CPU.Build.0 = Release|Any CPU
	EndGlobalSection
	GlobalSection(SolutionProperties) = preSolution
		HideSolutionNode = FALSE
	EndGlobalSection
	GlobalSection(NestedProjects) = preSolution
		{3F6DA869-5EA2-440A-9AAA-73A08059EFC2} = {3BF59989-46A4-4C32-83D7-ECD216F093A6}
	EndGlobalSection
	GlobalSection(ExtensibilityGlobals) = postSolution
		SolutionGuid = {4EA075C6-7843-4D56-B83E-4B4E8D1AA025}
	EndGlobalSection
EndGlobal
