
Microsoft Visual Studio Solution File, Format Version 12.00
# Visual Studio 15
VisualStudioVersion = 15.0.27703.2000
MinimumVisualStudioVersion = 10.0.40219.1
Project("{2150E333-8FDC-42A3-9474-1A3956D46DE8}") = "Basics", "Basics", "{3BF59989-46A4-4C32-83D7-ECD216F093A6}"
EndProject
Project("{FAE04EC0-301F-11D3-BF4B-00C04F79EFBC}") = "CSF_Basics_HelloWorld", "CSF_Basics_HelloWorld\CSF_Basics_HelloWorld.csproj", "{3F6DA869-5EA2-440A-9AAA-73A08059EFC2}"
EndProject
Project("{FAE04EC0-301F-11D3-BF4B-00C04F79EFBC}") = "CSF_Basics_Hello", "CSF_Basics_Hello\CSF_Basics_Hello.csproj", "{E204B50D-A086-465C-9DB0-FED0110CA0D4}"
EndProject
Project("{FAE04EC0-301F-11D3-BF4B-00C04F79EFBC}") = "CSF_Basics_Write0", "CSF_Basics_Write0\CSF_Basics_Write0.csproj", "{24DCB25C-C134-4838-976F-6B635C047367}"
EndProject
Project("{FAE04EC0-301F-11D3-BF4B-00C04F79EFBC}") = "CSF_Basics_Write1", "CSF_Basics_Write1\CSF_Basics_Write1.csproj", "{788B015A-BD51-470D-BC0F-BBB166F38198}"
EndProject
Project("{FAE04EC0-301F-11D3-BF4B-00C04F79EFBC}") = "CSF_Basics_Write2", "CSF_Basics_Write2\CSF_Basics_Write2.csproj", "{50B27D35-9E78-4E29-9989-44A57A33B752}"
EndProject
Project("{FAE04EC0-301F-11D3-BF4B-00C04F79EFBC}") = "CSF_Basics_Write3", "CSF_Basics_Write3\CSF_Basics_Write3.csproj", "{667C93B3-8012-4DFF-8B8F-3BE469E8DBAC}"
EndProject
Project("{FAE04EC0-301F-11D3-BF4B-00C04F79EFBC}") = "CSF_Basics_Write4", "CSF_Basics_Write4\CSF_Basics_Write4.csproj", "{95958DEE-512E-4DC8-BB51-55B05973A73B}"
EndProject
Project("{FAE04EC0-301F-11D3-BF4B-00C04F79EFBC}") = "CSF_Basics_Write5", "CSF_Basics_Write5\CSF_Basics_Write5.csproj", "{19A71123-D97A-4086-9C17-64C9505DCA3E}"
EndProject
Project("{FAE04EC0-301F-11D3-BF4B-00C04F79EFBC}") = "CSF_Basics_Write6", "CSF_Basics_Write6\CSF_Basics_Write6.csproj", "{E5BB199B-7F32-4DC3-886B-7BB72D09CDFD}"
EndProject
Project("{FAE04EC0-301F-11D3-BF4B-00C04F79EFBC}") = "CSF_Basics_Write7", "CSF_Basics_Write7\CSF_Basics_Write7.csproj", "{E98D2D14-7964-4818-869A-168DDE3F06E8}"
EndProject
Project("{FAE04EC0-301F-11D3-BF4B-00C04F79EFBC}") = "CSF_Basics_Write8", "CSF_Basics_Write8\CSF_Basics_Write8.csproj", "{0D5BAB62-A6C6-44C3-8635-7A320C6E9750}"
EndProject
Project("{FAE04EC0-301F-11D3-BF4B-00C04F79EFBC}") = "CSF_Basics_Write9", "CSF_Basics_Write9\CSF_Basics_Write9.csproj", "{5ABA8671-E2DD-4F02-866A-2CD1FED5C798}"
EndProject
Project("{FAE04EC0-301F-11D3-BF4B-00C04F79EFBC}") = "CSF_Basics_Write10", "CSF_Basics_Write10\CSF_Basics_Write10.csproj", "{4B187F83-5510-4FF3-B076-E87B468775B7}"
EndProject
Project("{FAE04EC0-301F-11D3-BF4B-00C04F79EFBC}") = "CSF_Basics_Write-1", "CSF_Basics_Write-1\CSF_Basics_Write-1.csproj", "{913E81E5-BC46-411A-B69C-AE17C4125FF4}"
EndProject
Project("{2150E333-8FDC-42A3-9474-1A3956D46DE8}") = "DataTypes", "DataTypes", "{58ECE409-0952-431D-BA56-4F7AD7A83A92}"
EndProject
Project("{FAE04EC0-301F-11D3-BF4B-00C04F79EFBC}") = "CSF_DataTypes_Bool", "CSF_DataTypes_Bool\CSF_DataTypes_Bool.csproj", "{17C77CF1-61DC-47B0-BF20-6FE5ADE23F00}"
EndProject
Project("{FAE04EC0-301F-11D3-BF4B-00C04F79EFBC}") = "CSF_DataTypes_Byte", "CSF_DataTypes_Byte\CSF_DataTypes_Byte.csproj", "{112FD7A7-9BEA-4832-A073-7C4B8E0E7A3E}"
EndProject
Project("{FAE04EC0-301F-11D3-BF4B-00C04F79EFBC}") = "CSF_DataTypes_Int", "CSF_DataTypes_Int\CSF_DataTypes_Int.csproj", "{B7EB1169-DAAF-42A7-8013-7C98784DFFC7}"
EndProject
Project("{FAE04EC0-301F-11D3-BF4B-00C04F79EFBC}") = "CSF_DataTypes_Long", "CSF_DataTypes_Long\CSF_DataTypes_Long.csproj", "{90DE0D3C-FC50-4F35-9902-58EFCEB6159D}"
EndProject
Project("{FAE04EC0-301F-11D3-BF4B-00C04F79EFBC}") = "CSF_DataTypes_Sbyte", "CSF_DataTypes_Sbyte\CSF_DataTypes_Sbyte.csproj", "{513E4136-CD3E-4A8E-BA06-5955E65ADD50}"
EndProject
Project("{FAE04EC0-301F-11D3-BF4B-00C04F79EFBC}") = "CSF_DataTypes_Short", "CSF_DataTypes_Short\CSF_DataTypes_Short.csproj", "{27BD023D-B3EB-47B6-93C5-EAA75F901E4C}"
EndProject
Project("{FAE04EC0-301F-11D3-BF4B-00C04F79EFBC}") = "CSF_DataTypes_Uint", "CSF_DataTypes_Uint\CSF_DataTypes_Uint.csproj", "{744E142C-CE8C-4625-948E-066545025199}"
EndProject
Project("{FAE04EC0-301F-11D3-BF4B-00C04F79EFBC}") = "CSF_DataTypes_Ulong", "CSF_DataTypes_Ulong\CSF_DataTypes_Ulong.csproj", "{A05A9CFB-0C22-40CD-9770-6E4E7509DE8B}"
EndProject
Project("{FAE04EC0-301F-11D3-BF4B-00C04F79EFBC}") = "CSF_DataTypes_Ushort", "CSF_DataTypes_Ushort\CSF_DataTypes_Ushort.csproj", "{4818F22E-3769-48CC-AAAB-2B7A5E464931}"
EndProject
Project("{FAE04EC0-301F-11D3-BF4B-00C04F79EFBC}") = "CSF_DataTypes_Float", "CSF_DataTypes_Float\CSF_DataTypes_Float.csproj", "{BA09F3BA-4FDE-4A34-8589-11645E2633F5}"
EndProject
Project("{FAE04EC0-301F-11D3-BF4B-00C04F79EFBC}") = "CSF_DataTypes_Double", "CSF_DataTypes_Double\CSF_DataTypes_Double.csproj", "{C9B59AC3-9360-42CD-9D38-2F2932D19E9A}"
EndProject
Project("{FAE04EC0-301F-11D3-BF4B-00C04F79EFBC}") = "CSF_DataTypes_Decimal", "CSF_DataTypes_Decimal\CSF_DataTypes_Decimal.csproj", "{6729C15B-F5C6-4A96-B172-24365AF59512}"
EndProject
Project("{FAE04EC0-301F-11D3-BF4B-00C04F79EFBC}") = "CSF_DataTypes_Char", "CSF_DataTypes_Char\CSF_DataTypes_Char.csproj", "{0EA0E81E-C5C1-4CAF-8766-63861DB6D78A}"
EndProject
Project("{2150E333-8FDC-42A3-9474-1A3956D46DE8}") = "Operators", "Operators", "{C4C35060-EE61-4701-A968-2495676AD250}"
EndProject
Project("{FAE04EC0-301F-11D3-BF4B-00C04F79EFBC}") = "CSF_Operators_Add_Int32", "CSF_Operators_Add_Int32\CSF_Operators_Add_Int32.csproj", "{CF593DD9-8BC6-47C7-A6EF-06D1CAA0D63A}"
EndProject
Project("{FAE04EC0-301F-11D3-BF4B-00C04F79EFBC}") = "CSF_Operators_Add_Int64", "CSF_Operators_Add_Int64\CSF_Operators_Add_Int64.csproj", "{D9EEE5C0-2400-4574-A1ED-823BB0CEE533}"
EndProject
Project("{FAE04EC0-301F-11D3-BF4B-00C04F79EFBC}") = "CSF_Operators_Add_Int16", "CSF_Operators_Add_Int16\CSF_Operators_Add_Int16.csproj", "{155689EC-0B2E-4F15-A789-9C398F9EBC9A}"
EndProject
Project("{FAE04EC0-301F-11D3-BF4B-00C04F79EFBC}") = "CSF_Operators_Add_Int8", "CSF_Operators_Add_Int8\CSF_Operators_Add_Int8.csproj", "{B5AF197C-79CC-4A1E-AD80-62CACC7B44E5}"
EndProject
Project("{FAE04EC0-301F-11D3-BF4B-00C04F79EFBC}") = "CSF_Operators_Add_Float32", "CSF_Operators_Add_Float32\CSF_Operators_Add_Float32.csproj", "{38709464-DD4D-4DF9-A1A1-650A8B485459}"
EndProject
Project("{FAE04EC0-301F-11D3-BF4B-00C04F79EFBC}") = "CSF_Operators_Add_Float64", "CSF_Operators_Add_Float64\CSF_Operators_Add_Float64.csproj", "{2C9A4784-CF91-4C48-A132-7AA02784AED1}"
EndProject
Project("{FAE04EC0-301F-11D3-BF4B-00C04F79EFBC}") = "CSF_Operators_Add_Decimal", "CSF_Operators_Add_Decimal\CSF_Operators_Add_Decimal.csproj", "{EB88686A-8CE1-4EEF-8CAA-42873ADEBD5B}"
EndProject
Project("{FAE04EC0-301F-11D3-BF4B-00C04F79EFBC}") = "CSF_Operators_Add_Char", "CSF_Operators_Add_Char\CSF_Operators_Add_Char.csproj", "{8C9CC255-AD81-4475-AD33-A56094DE8FEB}"
EndProject
Project("{FAE04EC0-301F-11D3-BF4B-00C04F79EFBC}") = "CSF_Operators_Add_Byte", "CSF_Operators_Add_Byte\CSF_Operators_Add_Byte.csproj", "{1B9691E5-AAFC-4F3C-AAC2-795381C5D774}"
EndProject
Project("{FAE04EC0-301F-11D3-BF4B-00C04F79EFBC}") = "CSF_Operators_Add_Ushort", "CSF_Operators_Add_Ushort\CSF_Operators_Add_Ushort.csproj", "{863B9D31-8871-42FB-B776-312376A728EB}"
EndProject
Project("{FAE04EC0-301F-11D3-BF4B-00C04F79EFBC}") = "CSF_Operators_Add_Uint", "CSF_Operators_Add_Uint\CSF_Operators_Add_Uint.csproj", "{8975E5D5-E3C0-4E27-98A1-0D957311E657}"
EndProject
Project("{FAE04EC0-301F-11D3-BF4B-00C04F79EFBC}") = "CSF_Operators_Add_Ulong", "CSF_Operators_Add_Ulong\CSF_Operators_Add_Ulong.csproj", "{F543B1F4-E724-47F6-A209-B20C5C39FB08}"
EndProject
Project("{FAE04EC0-301F-11D3-BF4B-00C04F79EFBC}") = "CSF_Operators_Add", "CSF_Operators_Add\CSF_Operators_Add.csproj", "{E6A77C14-E934-4465-8AE0-47255F0C8FE5}"
EndProject
Project("{FAE04EC0-301F-11D3-BF4B-00C04F79EFBC}") = "CSF_Operators_Mul", "CSF_Operators_Mul\CSF_Operators_Mul.csproj", "{1A08C106-C439-4CEA-8865-98DEA5068C30}"
EndProject
Project("{FAE04EC0-301F-11D3-BF4B-00C04F79EFBC}") = "CSF_Operators_Div", "CSF_Operators_Div\CSF_Operators_Div.csproj", "{A640DCB3-39DA-4005-BCE6-C6DB3410479F}"
EndProject
Project("{FAE04EC0-301F-11D3-BF4B-00C04F79EFBC}") = "CSF_Operators_Sub", "CSF_Operators_Sub\CSF_Operators_Sub.csproj", "{B0EEA8C1-DD6E-4F9D-B43E-5D7244C9A032}"
EndProject
Project("{FAE04EC0-301F-11D3-BF4B-00C04F79EFBC}") = "CSF_Operators_Mod", "CSF_Operators_Mod\CSF_Operators_Mod.csproj", "{268A5243-FEA7-46BD-9CDC-CAA3F789067E}"
EndProject
Project("{FAE04EC0-301F-11D3-BF4B-00C04F79EFBC}") = "CSF_Operators_Increment", "CSF_Operators_Increment\CSF_Operators_Increment.csproj", "{E0E3F3D0-048D-458A-B57E-DFF85CBBE777}"
EndProject
Project("{FAE04EC0-301F-11D3-BF4B-00C04F79EFBC}") = "CSF_Operators_Decrement", "CSF_Operators_Decrement\CSF_Operators_Decrement.csproj", "{9B3F49DD-7C89-4EF8-B3CF-E6E07A876B07}"
EndProject
Project("{FAE04EC0-301F-11D3-BF4B-00C04F79EFBC}") = "CSF_Operators_Add_Sbyte_Uint", "CSF_Operators_Add_Sbyte_Uint\CSF_Operators_Add_Sbyte_Uint.csproj", "{6A641218-5742-42A2-8503-987A6102D248}"
EndProject
Project("{FAE04EC0-301F-11D3-BF4B-00C04F79EFBC}") = "CSF_Operators_Add_Ulong_Float", "CSF_Operators_Add_Ulong_Float\CSF_Operators_Add_Ulong_Float.csproj", "{A16B965E-514B-4716-85A0-34BF06FA9814}"
EndProject
Project("{FAE04EC0-301F-11D3-BF4B-00C04F79EFBC}") = "CSF_Operators_Equal", "CSF_Operators_Equal\CSF_Operators_Equal.csproj", "{47FE40E1-3AD1-474D-A8D5-CF109D76EE69}"
EndProject
Project("{FAE04EC0-301F-11D3-BF4B-00C04F79EFBC}") = "CSF_Operators_NotEqual", "CSF_Operators_NotEqual\CSF_Operators_NotEqual.csproj", "{084F2F38-AE85-4178-B323-22DE8E946236}"
EndProject
Project("{FAE04EC0-301F-11D3-BF4B-00C04F79EFBC}") = "CSF_Operators_Greater", "CSF_Operators_Greater\CSF_Operators_Greater.csproj", "{D9B9E9F6-C1D9-43CC-90ED-8A11FC0851DC}"
EndProject
Project("{FAE04EC0-301F-11D3-BF4B-00C04F79EFBC}") = "CSF_Operators_Less", "CSF_Operators_Less\CSF_Operators_Less.csproj", "{7E379F6E-0CF2-40FC-A986-7EE65063AF4A}"
EndProject
Project("{FAE04EC0-301F-11D3-BF4B-00C04F79EFBC}") = "CSF_Operators_GreaterOrEqual", "CSF_Operators_GreaterOrEqual\CSF_Operators_GreaterOrEqual.csproj", "{B0B3D3A8-0606-48FB-9B32-F0B59CF124D6}"
EndProject
Project("{FAE04EC0-301F-11D3-BF4B-00C04F79EFBC}") = "CSF_Operators_LessOrEqual", "CSF_Operators_LessOrEqual\CSF_Operators_LessOrEqual.csproj", "{9A0E9D6C-F37D-4932-B329-9D41BDABE186}"
EndProject
Project("{FAE04EC0-301F-11D3-BF4B-00C04F79EFBC}") = "CSF_Operators_Logical", "CSF_Operators_Logical\CSF_Operators_Logical.csproj", "{4E2D7D08-CB4A-4A4D-8BE7-651B2721C30A}"
EndProject
Project("{FAE04EC0-301F-11D3-BF4B-00C04F79EFBC}") = "CSF_Operators_Logical2", "CSF_Operators_Logical2\CSF_Operators_Logical2.csproj", "{7C1F2E4C-5D86-496F-9156-8D3A05D584E1}"
EndProject
Project("{FAE04EC0-301F-11D3-BF4B-00C04F79EFBC}") = "CSF_Operators_BitAnd", "CSF_Operators_BitAnd\CSF_Operators_BitAnd.csproj", "{A6B55D50-9CBB-474A-9504-31A3AF2DE2C9}"
EndProject
Project("{FAE04EC0-301F-11D3-BF4B-00C04F79EFBC}") = "CSF_Operators_BitOr", "CSF_Operators_BitOr\CSF_Operators_BitOr.csproj", "{A8B547FB-C61A-4200-B0D8-1D1AF013945D}"
EndProject
Project("{FAE04EC0-301F-11D3-BF4B-00C04F79EFBC}") = "CSF_Operators_BitXor", "CSF_Operators_BitXor\CSF_Operators_BitXor.csproj", "{BCFD1919-660B-426E-A493-04609A3BBEEE}"
EndProject
Project("{FAE04EC0-301F-11D3-BF4B-00C04F79EFBC}") = "CSF_Operators_BitLeftShift", "CSF_Operators_BitLeftShift\CSF_Operators_BitLeftShift.csproj", "{21272019-7708-4B2B-8152-63DA130C944C}"
EndProject
Project("{FAE04EC0-301F-11D3-BF4B-00C04F79EFBC}") = "CSF_Operators_BitRightShift", "CSF_Operators_BitRightShift\CSF_Operators_BitRightShift.csproj", "{37ADD849-8D85-48C9-8C6B-58EDD045ACAF}"
EndProject
Project("{FAE04EC0-301F-11D3-BF4B-00C04F79EFBC}") = "CSF_Operators_BitNot", "CSF_Operators_BitNot\CSF_Operators_BitNot.csproj", "{9FA2223C-60C7-4532-BEC4-06803FCD5622}"
EndProject
Project("{FAE04EC0-301F-11D3-BF4B-00C04F79EFBC}") = "CSF_Operators_Neg", "CSF_Operators_Neg\CSF_Operators_Neg.csproj", "{043EEAAB-71BC-4ED9-8553-FAEDEB7CE9BA}"
EndProject
Project("{FAE04EC0-301F-11D3-BF4B-00C04F79EFBC}") = "CSF_Operators_Assign", "CSF_Operators_Assign\CSF_Operators_Assign.csproj", "{F64F7B13-FCC8-426B-A542-FAB613322FEC}"
EndProject
Project("{FAE04EC0-301F-11D3-BF4B-00C04F79EFBC}") = "CSF_Operators_AddAndAssign", "CSF_Operators_AddAndAssign\CSF_Operators_AddAndAssign.csproj", "{AAD6EB80-738F-4A66-A405-FA1E027C7873}"
EndProject
Project("{FAE04EC0-301F-11D3-BF4B-00C04F79EFBC}") = "CSF_Operators_SubAndAssign", "CSF_Operators_SubAndAssign\CSF_Operators_SubAndAssign.csproj", "{F3E42273-2E3A-4DA6-A4AB-E38D4AF953C6}"
EndProject
Project("{FAE04EC0-301F-11D3-BF4B-00C04F79EFBC}") = "CSF_Operators_MulAndAssign", "CSF_Operators_MulAndAssign\CSF_Operators_MulAndAssign.csproj", "{A8274BBA-ADFD-4349-9A1D-FD059C19D4D1}"
EndProject
Project("{FAE04EC0-301F-11D3-BF4B-00C04F79EFBC}") = "CSF_Operators_DivAndAssign", "CSF_Operators_DivAndAssign\CSF_Operators_DivAndAssign.csproj", "{B37135F3-CFAC-4604-A994-8F5804991ECD}"
EndProject
Project("{FAE04EC0-301F-11D3-BF4B-00C04F79EFBC}") = "CSF_Operators_ModAndAssign", "CSF_Operators_ModAndAssign\CSF_Operators_ModAndAssign.csproj", "{AF136DD5-7D60-42BF-AECC-4D8B3A545439}"
EndProject
Project("{FAE04EC0-301F-11D3-BF4B-00C04F79EFBC}") = "CSF_Operators_BitAndAndAssign", "CSF_Operators_BitAndAndAssign\CSF_Operators_BitAndAndAssign.csproj", "{FF791BA2-2FD2-4E5E-B681-463535FD7E13}"
EndProject
Project("{FAE04EC0-301F-11D3-BF4B-00C04F79EFBC}") = "CSF_Operators_BitOrAndAssign", "CSF_Operators_BitOrAndAssign\CSF_Operators_BitOrAndAssign.csproj", "{ECF34F73-170C-4659-9F09-10A791B10147}"
EndProject
Project("{FAE04EC0-301F-11D3-BF4B-00C04F79EFBC}") = "CSF_Operators_BitLeftShiftAndAssign", "CSF_Operators_BitLeftShiftAndAssign\CSF_Operators_BitLeftShiftAndAssign.csproj", "{99AC60FE-BE9D-4DF3-A3B0-4BA0C013BE11}"
EndProject
Project("{FAE04EC0-301F-11D3-BF4B-00C04F79EFBC}") = "CSF_Operators_BitRightShiftAndAssign", "CSF_Operators_BitRightShiftAndAssign\CSF_Operators_BitRightShiftAndAssign.csproj", "{37EF8582-BFFC-4307-8126-013140B8A6B7}"
EndProject
Project("{FAE04EC0-301F-11D3-BF4B-00C04F79EFBC}") = "CSF_Operators_BitXorAndAssign", "CSF_Operators_BitXorAndAssign\CSF_Operators_BitXorAndAssign.csproj", "{5D7C795D-18DA-4F43-954E-BD9534911CDE}"
EndProject
Project("{2150E333-8FDC-42A3-9474-1A3956D46DE8}") = "DecisionMaking", "DecisionMaking", "{B5963AFA-8399-497B-94AC-C4B00582E7F2}"
EndProject
Project("{FAE04EC0-301F-11D3-BF4B-00C04F79EFBC}") = "CSF_DecisionMaking_IfTrue", "CSF_DecisionMaking_IfTrue\CSF_DecisionMaking_IfTrue.csproj", "{DF755A93-E42E-4D42-A0EE-73F57D9EE036}"
EndProject
Project("{FAE04EC0-301F-11D3-BF4B-00C04F79EFBC}") = "CSF_DecisionMaking_IfTrue2", "CSF_DecisionMaking_IfTrue2\CSF_DecisionMaking_IfTrue2.csproj", "{431B613F-0566-48E4-9848-53A04F664C74}"
EndProject
Project("{FAE04EC0-301F-11D3-BF4B-00C04F79EFBC}") = "CSF_DecisionMaking_IfFalse", "CSF_DecisionMaking_IfFalse\CSF_DecisionMaking_IfFalse.csproj", "{7A7D11E6-FA24-4F66-BD16-1CE4FC7A62FA}"
EndProject
Project("{FAE04EC0-301F-11D3-BF4B-00C04F79EFBC}") = "CSF_DecisionMaking_IfFalse2", "CSF_DecisionMaking_IfFalse2\CSF_DecisionMaking_IfFalse2.csproj", "{2909F40F-DB91-410B-8373-285DD13A55AE}"
EndProject
Project("{FAE04EC0-301F-11D3-BF4B-00C04F79EFBC}") = "CSF_DecisionMaking_IfEqual", "CSF_DecisionMaking_IfEqual\CSF_DecisionMaking_IfEqual.csproj", "{97648F32-65A8-473B-AA32-DB8505560679}"
EndProject
Project("{FAE04EC0-301F-11D3-BF4B-00C04F79EFBC}") = "CSF_DecisionMaking_IfNotEqual", "CSF_DecisionMaking_IfNotEqual\CSF_DecisionMaking_IfNotEqual.csproj", "{99939E2C-1DFC-4983-8089-10B20EF99198}"
EndProject
Project("{FAE04EC0-301F-11D3-BF4B-00C04F79EFBC}") = "CSF_DecisionMaking_IfGreater", "CSF_DecisionMaking_IfGreater\CSF_DecisionMaking_IfGreater.csproj", "{E8667BD1-509F-4C33-9FDC-628563688AA5}"
EndProject
Project("{FAE04EC0-301F-11D3-BF4B-00C04F79EFBC}") = "CSF_DecisionMaking_IfLess", "CSF_DecisionMaking_IfLess\CSF_DecisionMaking_IfLess.csproj", "{39A8B55B-2610-4BEA-A1DB-D9A3D0FC081D}"
EndProject
Project("{FAE04EC0-301F-11D3-BF4B-00C04F79EFBC}") = "CSF_DecisionMaking_IfGreaterOrEqual", "CSF_DecisionMaking_IfGreaterOrEqual\CSF_DecisionMaking_IfGreaterOrEqual.csproj", "{0F82DBDF-1E93-4C3A-8E6B-8C99747F593F}"
EndProject
Project("{FAE04EC0-301F-11D3-BF4B-00C04F79EFBC}") = "CSF_DecisionMaking_IfLessOrEqual", "CSF_DecisionMaking_IfLessOrEqual\CSF_DecisionMaking_IfLessOrEqual.csproj", "{2DCF0D67-C073-460B-9E43-BDA773C0ED3A}"
EndProject
Project("{FAE04EC0-301F-11D3-BF4B-00C04F79EFBC}") = "CSF_DecisionMaking_EqualZero", "CSF_DecisionMaking_EqualZero\CSF_DecisionMaking_EqualZero.csproj", "{6ADD3B59-B865-4997-B9D1-1C147858947E}"
EndProject
Project("{FAE04EC0-301F-11D3-BF4B-00C04F79EFBC}") = "CSF_DecisionMaking_NotEqualZero", "CSF_DecisionMaking_NotEqualZero\CSF_DecisionMaking_NotEqualZero.csproj", "{1EFF2B3A-BD8D-4328-80C4-6B7581F8349B}"
EndProject
Project("{FAE04EC0-301F-11D3-BF4B-00C04F79EFBC}") = "CSF_DecisionMaking_If", "CSF_DecisionMaking_If\CSF_DecisionMaking_If.csproj", "{1620F3D7-7326-4347-9782-ACAD02F8B36A}"
EndProject
Project("{FAE04EC0-301F-11D3-BF4B-00C04F79EFBC}") = "CSF_DecisionMaking_IfElseIfElse", "CSF_DecisionMaking_IfElseIfElse\CSF_DecisionMaking_IfElseIfElse.csproj", "{2F9CBA58-4DCD-4B3E-A7F0-097B98A8AC01}"
EndProject
Project("{FAE04EC0-301F-11D3-BF4B-00C04F79EFBC}") = "CSF_DecisionMaking_NestedIf", "CSF_DecisionMaking_NestedIf\CSF_DecisionMaking_NestedIf.csproj", "{A7B40F17-669D-4B2D-A21A-90835F02E75D}"
EndProject
Project("{FAE04EC0-301F-11D3-BF4B-00C04F79EFBC}") = "CSF_DecisionMaking_IfAnd", "CSF_DecisionMaking_IfAnd\CSF_DecisionMaking_IfAnd.csproj", "{804BBFCB-8EE8-4655-8CEF-2E6C5AFAE395}"
EndProject
Project("{FAE04EC0-301F-11D3-BF4B-00C04F79EFBC}") = "CSF_DecisionMaking_IfOr", "CSF_DecisionMaking_IfOr\CSF_DecisionMaking_IfOr.csproj", "{502EF3EE-1810-4398-BCAA-A9410C46346A}"
EndProject
Project("{FAE04EC0-301F-11D3-BF4B-00C04F79EFBC}") = "CSF_DecisionMaking_IfNot", "CSF_DecisionMaking_IfNot\CSF_DecisionMaking_IfNot.csproj", "{27A274C7-A1C3-4A32-B62A-8D0ACF2E3207}"
EndProject
Project("{FAE04EC0-301F-11D3-BF4B-00C04F79EFBC}") = "CSF_Operators_Precedence", "CSF_Operators_Precedence\CSF_Operators_Precedence.csproj", "{C5362824-077E-40E7-80F6-EB581219FB76}"
EndProject
Project("{2150E333-8FDC-42A3-9474-1A3956D46DE8}") = "Loops", "Loops", "{2883FD29-288E-4772-9B70-64C604FFA05E}"
EndProject
Project("{FAE04EC0-301F-11D3-BF4B-00C04F79EFBC}") = "CSF_Loops_For", "CSF_Loops_For\CSF_Loops_For.csproj", "{A4DA9D1B-E241-47C1-BE92-E69EDE17AD2E}"
EndProject
Project("{FAE04EC0-301F-11D3-BF4B-00C04F79EFBC}") = "CSF_DecisionMaking_ConditionalExpression", "CSF_DecisionMaking_ConditionalExpression\CSF_DecisionMaking_ConditionalExpression.csproj", "{A1ADC23D-DA4E-46E4-9753-34C9EC2DB1BF}"
EndProject
Project("{FAE04EC0-301F-11D3-BF4B-00C04F79EFBC}") = "CSF_Loops_While", "CSF_Loops_While\CSF_Loops_While.csproj", "{9E812F22-F3BC-43EC-AE81-BB504A47FC22}"
EndProject
Global
	GlobalSection(SolutionConfigurationPlatforms) = preSolution
		Debug|Any CPU = Debug|Any CPU
		Release|Any CPU = Release|Any CPU
	EndGlobalSection
	GlobalSection(ProjectConfigurationPlatforms) = postSolution
		{3F6DA869-5EA2-440A-9AAA-73A08059EFC2}.Debug|Any CPU.ActiveCfg = Debug|Any CPU
		{3F6DA869-5EA2-440A-9AAA-73A08059EFC2}.Debug|Any CPU.Build.0 = Debug|Any CPU
		{3F6DA869-5EA2-440A-9AAA-73A08059EFC2}.Release|Any CPU.ActiveCfg = Release|Any CPU
		{3F6DA869-5EA2-440A-9AAA-73A08059EFC2}.Release|Any CPU.Build.0 = Release|Any CPU
		{E204B50D-A086-465C-9DB0-FED0110CA0D4}.Debug|Any CPU.ActiveCfg = Debug|Any CPU
		{E204B50D-A086-465C-9DB0-FED0110CA0D4}.Debug|Any CPU.Build.0 = Debug|Any CPU
		{E204B50D-A086-465C-9DB0-FED0110CA0D4}.Release|Any CPU.ActiveCfg = Release|Any CPU
		{E204B50D-A086-465C-9DB0-FED0110CA0D4}.Release|Any CPU.Build.0 = Release|Any CPU
		{24DCB25C-C134-4838-976F-6B635C047367}.Debug|Any CPU.ActiveCfg = Debug|Any CPU
		{24DCB25C-C134-4838-976F-6B635C047367}.Debug|Any CPU.Build.0 = Debug|Any CPU
		{24DCB25C-C134-4838-976F-6B635C047367}.Release|Any CPU.ActiveCfg = Release|Any CPU
		{24DCB25C-C134-4838-976F-6B635C047367}.Release|Any CPU.Build.0 = Release|Any CPU
		{788B015A-BD51-470D-BC0F-BBB166F38198}.Debug|Any CPU.ActiveCfg = Debug|Any CPU
		{788B015A-BD51-470D-BC0F-BBB166F38198}.Debug|Any CPU.Build.0 = Debug|Any CPU
		{788B015A-BD51-470D-BC0F-BBB166F38198}.Release|Any CPU.ActiveCfg = Release|Any CPU
		{788B015A-BD51-470D-BC0F-BBB166F38198}.Release|Any CPU.Build.0 = Release|Any CPU
		{50B27D35-9E78-4E29-9989-44A57A33B752}.Debug|Any CPU.ActiveCfg = Debug|Any CPU
		{50B27D35-9E78-4E29-9989-44A57A33B752}.Debug|Any CPU.Build.0 = Debug|Any CPU
		{50B27D35-9E78-4E29-9989-44A57A33B752}.Release|Any CPU.ActiveCfg = Release|Any CPU
		{50B27D35-9E78-4E29-9989-44A57A33B752}.Release|Any CPU.Build.0 = Release|Any CPU
		{667C93B3-8012-4DFF-8B8F-3BE469E8DBAC}.Debug|Any CPU.ActiveCfg = Debug|Any CPU
		{667C93B3-8012-4DFF-8B8F-3BE469E8DBAC}.Debug|Any CPU.Build.0 = Debug|Any CPU
		{667C93B3-8012-4DFF-8B8F-3BE469E8DBAC}.Release|Any CPU.ActiveCfg = Release|Any CPU
		{667C93B3-8012-4DFF-8B8F-3BE469E8DBAC}.Release|Any CPU.Build.0 = Release|Any CPU
		{95958DEE-512E-4DC8-BB51-55B05973A73B}.Debug|Any CPU.ActiveCfg = Debug|Any CPU
		{95958DEE-512E-4DC8-BB51-55B05973A73B}.Debug|Any CPU.Build.0 = Debug|Any CPU
		{95958DEE-512E-4DC8-BB51-55B05973A73B}.Release|Any CPU.ActiveCfg = Release|Any CPU
		{95958DEE-512E-4DC8-BB51-55B05973A73B}.Release|Any CPU.Build.0 = Release|Any CPU
		{19A71123-D97A-4086-9C17-64C9505DCA3E}.Debug|Any CPU.ActiveCfg = Debug|Any CPU
		{19A71123-D97A-4086-9C17-64C9505DCA3E}.Debug|Any CPU.Build.0 = Debug|Any CPU
		{19A71123-D97A-4086-9C17-64C9505DCA3E}.Release|Any CPU.ActiveCfg = Release|Any CPU
		{19A71123-D97A-4086-9C17-64C9505DCA3E}.Release|Any CPU.Build.0 = Release|Any CPU
		{E5BB199B-7F32-4DC3-886B-7BB72D09CDFD}.Debug|Any CPU.ActiveCfg = Debug|Any CPU
		{E5BB199B-7F32-4DC3-886B-7BB72D09CDFD}.Debug|Any CPU.Build.0 = Debug|Any CPU
		{E5BB199B-7F32-4DC3-886B-7BB72D09CDFD}.Release|Any CPU.ActiveCfg = Release|Any CPU
		{E5BB199B-7F32-4DC3-886B-7BB72D09CDFD}.Release|Any CPU.Build.0 = Release|Any CPU
		{E98D2D14-7964-4818-869A-168DDE3F06E8}.Debug|Any CPU.ActiveCfg = Debug|Any CPU
		{E98D2D14-7964-4818-869A-168DDE3F06E8}.Debug|Any CPU.Build.0 = Debug|Any CPU
		{E98D2D14-7964-4818-869A-168DDE3F06E8}.Release|Any CPU.ActiveCfg = Release|Any CPU
		{E98D2D14-7964-4818-869A-168DDE3F06E8}.Release|Any CPU.Build.0 = Release|Any CPU
		{0D5BAB62-A6C6-44C3-8635-7A320C6E9750}.Debug|Any CPU.ActiveCfg = Debug|Any CPU
		{0D5BAB62-A6C6-44C3-8635-7A320C6E9750}.Debug|Any CPU.Build.0 = Debug|Any CPU
		{0D5BAB62-A6C6-44C3-8635-7A320C6E9750}.Release|Any CPU.ActiveCfg = Release|Any CPU
		{0D5BAB62-A6C6-44C3-8635-7A320C6E9750}.Release|Any CPU.Build.0 = Release|Any CPU
		{5ABA8671-E2DD-4F02-866A-2CD1FED5C798}.Debug|Any CPU.ActiveCfg = Debug|Any CPU
		{5ABA8671-E2DD-4F02-866A-2CD1FED5C798}.Debug|Any CPU.Build.0 = Debug|Any CPU
		{5ABA8671-E2DD-4F02-866A-2CD1FED5C798}.Release|Any CPU.ActiveCfg = Release|Any CPU
		{5ABA8671-E2DD-4F02-866A-2CD1FED5C798}.Release|Any CPU.Build.0 = Release|Any CPU
		{4B187F83-5510-4FF3-B076-E87B468775B7}.Debug|Any CPU.ActiveCfg = Debug|Any CPU
		{4B187F83-5510-4FF3-B076-E87B468775B7}.Debug|Any CPU.Build.0 = Debug|Any CPU
		{4B187F83-5510-4FF3-B076-E87B468775B7}.Release|Any CPU.ActiveCfg = Release|Any CPU
		{4B187F83-5510-4FF3-B076-E87B468775B7}.Release|Any CPU.Build.0 = Release|Any CPU
		{913E81E5-BC46-411A-B69C-AE17C4125FF4}.Debug|Any CPU.ActiveCfg = Debug|Any CPU
		{913E81E5-BC46-411A-B69C-AE17C4125FF4}.Debug|Any CPU.Build.0 = Debug|Any CPU
		{913E81E5-BC46-411A-B69C-AE17C4125FF4}.Release|Any CPU.ActiveCfg = Release|Any CPU
		{913E81E5-BC46-411A-B69C-AE17C4125FF4}.Release|Any CPU.Build.0 = Release|Any CPU
		{17C77CF1-61DC-47B0-BF20-6FE5ADE23F00}.Debug|Any CPU.ActiveCfg = Debug|Any CPU
		{17C77CF1-61DC-47B0-BF20-6FE5ADE23F00}.Debug|Any CPU.Build.0 = Debug|Any CPU
		{17C77CF1-61DC-47B0-BF20-6FE5ADE23F00}.Release|Any CPU.ActiveCfg = Release|Any CPU
		{17C77CF1-61DC-47B0-BF20-6FE5ADE23F00}.Release|Any CPU.Build.0 = Release|Any CPU
		{112FD7A7-9BEA-4832-A073-7C4B8E0E7A3E}.Debug|Any CPU.ActiveCfg = Debug|Any CPU
		{112FD7A7-9BEA-4832-A073-7C4B8E0E7A3E}.Debug|Any CPU.Build.0 = Debug|Any CPU
		{112FD7A7-9BEA-4832-A073-7C4B8E0E7A3E}.Release|Any CPU.ActiveCfg = Release|Any CPU
		{112FD7A7-9BEA-4832-A073-7C4B8E0E7A3E}.Release|Any CPU.Build.0 = Release|Any CPU
		{B7EB1169-DAAF-42A7-8013-7C98784DFFC7}.Debug|Any CPU.ActiveCfg = Debug|Any CPU
		{B7EB1169-DAAF-42A7-8013-7C98784DFFC7}.Debug|Any CPU.Build.0 = Debug|Any CPU
		{B7EB1169-DAAF-42A7-8013-7C98784DFFC7}.Release|Any CPU.ActiveCfg = Release|Any CPU
		{B7EB1169-DAAF-42A7-8013-7C98784DFFC7}.Release|Any CPU.Build.0 = Release|Any CPU
		{90DE0D3C-FC50-4F35-9902-58EFCEB6159D}.Debug|Any CPU.ActiveCfg = Debug|Any CPU
		{90DE0D3C-FC50-4F35-9902-58EFCEB6159D}.Debug|Any CPU.Build.0 = Debug|Any CPU
		{90DE0D3C-FC50-4F35-9902-58EFCEB6159D}.Release|Any CPU.ActiveCfg = Release|Any CPU
		{90DE0D3C-FC50-4F35-9902-58EFCEB6159D}.Release|Any CPU.Build.0 = Release|Any CPU
		{513E4136-CD3E-4A8E-BA06-5955E65ADD50}.Debug|Any CPU.ActiveCfg = Debug|Any CPU
		{513E4136-CD3E-4A8E-BA06-5955E65ADD50}.Debug|Any CPU.Build.0 = Debug|Any CPU
		{513E4136-CD3E-4A8E-BA06-5955E65ADD50}.Release|Any CPU.ActiveCfg = Release|Any CPU
		{513E4136-CD3E-4A8E-BA06-5955E65ADD50}.Release|Any CPU.Build.0 = Release|Any CPU
		{27BD023D-B3EB-47B6-93C5-EAA75F901E4C}.Debug|Any CPU.ActiveCfg = Debug|Any CPU
		{27BD023D-B3EB-47B6-93C5-EAA75F901E4C}.Debug|Any CPU.Build.0 = Debug|Any CPU
		{27BD023D-B3EB-47B6-93C5-EAA75F901E4C}.Release|Any CPU.ActiveCfg = Release|Any CPU
		{27BD023D-B3EB-47B6-93C5-EAA75F901E4C}.Release|Any CPU.Build.0 = Release|Any CPU
		{744E142C-CE8C-4625-948E-066545025199}.Debug|Any CPU.ActiveCfg = Debug|Any CPU
		{744E142C-CE8C-4625-948E-066545025199}.Debug|Any CPU.Build.0 = Debug|Any CPU
		{744E142C-CE8C-4625-948E-066545025199}.Release|Any CPU.ActiveCfg = Release|Any CPU
		{744E142C-CE8C-4625-948E-066545025199}.Release|Any CPU.Build.0 = Release|Any CPU
		{A05A9CFB-0C22-40CD-9770-6E4E7509DE8B}.Debug|Any CPU.ActiveCfg = Debug|Any CPU
		{A05A9CFB-0C22-40CD-9770-6E4E7509DE8B}.Debug|Any CPU.Build.0 = Debug|Any CPU
		{A05A9CFB-0C22-40CD-9770-6E4E7509DE8B}.Release|Any CPU.ActiveCfg = Release|Any CPU
		{A05A9CFB-0C22-40CD-9770-6E4E7509DE8B}.Release|Any CPU.Build.0 = Release|Any CPU
		{4818F22E-3769-48CC-AAAB-2B7A5E464931}.Debug|Any CPU.ActiveCfg = Debug|Any CPU
		{4818F22E-3769-48CC-AAAB-2B7A5E464931}.Debug|Any CPU.Build.0 = Debug|Any CPU
		{4818F22E-3769-48CC-AAAB-2B7A5E464931}.Release|Any CPU.ActiveCfg = Release|Any CPU
		{4818F22E-3769-48CC-AAAB-2B7A5E464931}.Release|Any CPU.Build.0 = Release|Any CPU
		{BA09F3BA-4FDE-4A34-8589-11645E2633F5}.Debug|Any CPU.ActiveCfg = Debug|Any CPU
		{BA09F3BA-4FDE-4A34-8589-11645E2633F5}.Debug|Any CPU.Build.0 = Debug|Any CPU
		{BA09F3BA-4FDE-4A34-8589-11645E2633F5}.Release|Any CPU.ActiveCfg = Release|Any CPU
		{BA09F3BA-4FDE-4A34-8589-11645E2633F5}.Release|Any CPU.Build.0 = Release|Any CPU
		{C9B59AC3-9360-42CD-9D38-2F2932D19E9A}.Debug|Any CPU.ActiveCfg = Debug|Any CPU
		{C9B59AC3-9360-42CD-9D38-2F2932D19E9A}.Debug|Any CPU.Build.0 = Debug|Any CPU
		{C9B59AC3-9360-42CD-9D38-2F2932D19E9A}.Release|Any CPU.ActiveCfg = Release|Any CPU
		{C9B59AC3-9360-42CD-9D38-2F2932D19E9A}.Release|Any CPU.Build.0 = Release|Any CPU
		{6729C15B-F5C6-4A96-B172-24365AF59512}.Debug|Any CPU.ActiveCfg = Debug|Any CPU
		{6729C15B-F5C6-4A96-B172-24365AF59512}.Debug|Any CPU.Build.0 = Debug|Any CPU
		{6729C15B-F5C6-4A96-B172-24365AF59512}.Release|Any CPU.ActiveCfg = Release|Any CPU
		{6729C15B-F5C6-4A96-B172-24365AF59512}.Release|Any CPU.Build.0 = Release|Any CPU
		{0EA0E81E-C5C1-4CAF-8766-63861DB6D78A}.Debug|Any CPU.ActiveCfg = Debug|Any CPU
		{0EA0E81E-C5C1-4CAF-8766-63861DB6D78A}.Debug|Any CPU.Build.0 = Debug|Any CPU
		{0EA0E81E-C5C1-4CAF-8766-63861DB6D78A}.Release|Any CPU.ActiveCfg = Release|Any CPU
		{0EA0E81E-C5C1-4CAF-8766-63861DB6D78A}.Release|Any CPU.Build.0 = Release|Any CPU
		{CF593DD9-8BC6-47C7-A6EF-06D1CAA0D63A}.Debug|Any CPU.ActiveCfg = Debug|Any CPU
		{CF593DD9-8BC6-47C7-A6EF-06D1CAA0D63A}.Debug|Any CPU.Build.0 = Debug|Any CPU
		{CF593DD9-8BC6-47C7-A6EF-06D1CAA0D63A}.Release|Any CPU.ActiveCfg = Release|Any CPU
		{CF593DD9-8BC6-47C7-A6EF-06D1CAA0D63A}.Release|Any CPU.Build.0 = Release|Any CPU
		{D9EEE5C0-2400-4574-A1ED-823BB0CEE533}.Debug|Any CPU.ActiveCfg = Debug|Any CPU
		{D9EEE5C0-2400-4574-A1ED-823BB0CEE533}.Debug|Any CPU.Build.0 = Debug|Any CPU
		{D9EEE5C0-2400-4574-A1ED-823BB0CEE533}.Release|Any CPU.ActiveCfg = Release|Any CPU
		{D9EEE5C0-2400-4574-A1ED-823BB0CEE533}.Release|Any CPU.Build.0 = Release|Any CPU
		{155689EC-0B2E-4F15-A789-9C398F9EBC9A}.Debug|Any CPU.ActiveCfg = Debug|Any CPU
		{155689EC-0B2E-4F15-A789-9C398F9EBC9A}.Debug|Any CPU.Build.0 = Debug|Any CPU
		{155689EC-0B2E-4F15-A789-9C398F9EBC9A}.Release|Any CPU.ActiveCfg = Release|Any CPU
		{155689EC-0B2E-4F15-A789-9C398F9EBC9A}.Release|Any CPU.Build.0 = Release|Any CPU
		{B5AF197C-79CC-4A1E-AD80-62CACC7B44E5}.Debug|Any CPU.ActiveCfg = Debug|Any CPU
		{B5AF197C-79CC-4A1E-AD80-62CACC7B44E5}.Debug|Any CPU.Build.0 = Debug|Any CPU
		{B5AF197C-79CC-4A1E-AD80-62CACC7B44E5}.Release|Any CPU.ActiveCfg = Release|Any CPU
		{B5AF197C-79CC-4A1E-AD80-62CACC7B44E5}.Release|Any CPU.Build.0 = Release|Any CPU
		{38709464-DD4D-4DF9-A1A1-650A8B485459}.Debug|Any CPU.ActiveCfg = Debug|Any CPU
		{38709464-DD4D-4DF9-A1A1-650A8B485459}.Debug|Any CPU.Build.0 = Debug|Any CPU
		{38709464-DD4D-4DF9-A1A1-650A8B485459}.Release|Any CPU.ActiveCfg = Release|Any CPU
		{38709464-DD4D-4DF9-A1A1-650A8B485459}.Release|Any CPU.Build.0 = Release|Any CPU
		{2C9A4784-CF91-4C48-A132-7AA02784AED1}.Debug|Any CPU.ActiveCfg = Debug|Any CPU
		{2C9A4784-CF91-4C48-A132-7AA02784AED1}.Debug|Any CPU.Build.0 = Debug|Any CPU
		{2C9A4784-CF91-4C48-A132-7AA02784AED1}.Release|Any CPU.ActiveCfg = Release|Any CPU
		{2C9A4784-CF91-4C48-A132-7AA02784AED1}.Release|Any CPU.Build.0 = Release|Any CPU
		{EB88686A-8CE1-4EEF-8CAA-42873ADEBD5B}.Debug|Any CPU.ActiveCfg = Debug|Any CPU
		{EB88686A-8CE1-4EEF-8CAA-42873ADEBD5B}.Debug|Any CPU.Build.0 = Debug|Any CPU
		{EB88686A-8CE1-4EEF-8CAA-42873ADEBD5B}.Release|Any CPU.ActiveCfg = Release|Any CPU
		{EB88686A-8CE1-4EEF-8CAA-42873ADEBD5B}.Release|Any CPU.Build.0 = Release|Any CPU
		{8C9CC255-AD81-4475-AD33-A56094DE8FEB}.Debug|Any CPU.ActiveCfg = Debug|Any CPU
		{8C9CC255-AD81-4475-AD33-A56094DE8FEB}.Debug|Any CPU.Build.0 = Debug|Any CPU
		{8C9CC255-AD81-4475-AD33-A56094DE8FEB}.Release|Any CPU.ActiveCfg = Release|Any CPU
		{8C9CC255-AD81-4475-AD33-A56094DE8FEB}.Release|Any CPU.Build.0 = Release|Any CPU
		{1B9691E5-AAFC-4F3C-AAC2-795381C5D774}.Debug|Any CPU.ActiveCfg = Debug|Any CPU
		{1B9691E5-AAFC-4F3C-AAC2-795381C5D774}.Debug|Any CPU.Build.0 = Debug|Any CPU
		{1B9691E5-AAFC-4F3C-AAC2-795381C5D774}.Release|Any CPU.ActiveCfg = Release|Any CPU
		{1B9691E5-AAFC-4F3C-AAC2-795381C5D774}.Release|Any CPU.Build.0 = Release|Any CPU
		{863B9D31-8871-42FB-B776-312376A728EB}.Debug|Any CPU.ActiveCfg = Debug|Any CPU
		{863B9D31-8871-42FB-B776-312376A728EB}.Debug|Any CPU.Build.0 = Debug|Any CPU
		{863B9D31-8871-42FB-B776-312376A728EB}.Release|Any CPU.ActiveCfg = Release|Any CPU
		{863B9D31-8871-42FB-B776-312376A728EB}.Release|Any CPU.Build.0 = Release|Any CPU
		{8975E5D5-E3C0-4E27-98A1-0D957311E657}.Debug|Any CPU.ActiveCfg = Debug|Any CPU
		{8975E5D5-E3C0-4E27-98A1-0D957311E657}.Debug|Any CPU.Build.0 = Debug|Any CPU
		{8975E5D5-E3C0-4E27-98A1-0D957311E657}.Release|Any CPU.ActiveCfg = Release|Any CPU
		{8975E5D5-E3C0-4E27-98A1-0D957311E657}.Release|Any CPU.Build.0 = Release|Any CPU
		{F543B1F4-E724-47F6-A209-B20C5C39FB08}.Debug|Any CPU.ActiveCfg = Debug|Any CPU
		{F543B1F4-E724-47F6-A209-B20C5C39FB08}.Debug|Any CPU.Build.0 = Debug|Any CPU
		{F543B1F4-E724-47F6-A209-B20C5C39FB08}.Release|Any CPU.ActiveCfg = Release|Any CPU
		{F543B1F4-E724-47F6-A209-B20C5C39FB08}.Release|Any CPU.Build.0 = Release|Any CPU
		{E6A77C14-E934-4465-8AE0-47255F0C8FE5}.Debug|Any CPU.ActiveCfg = Debug|Any CPU
		{E6A77C14-E934-4465-8AE0-47255F0C8FE5}.Debug|Any CPU.Build.0 = Debug|Any CPU
		{E6A77C14-E934-4465-8AE0-47255F0C8FE5}.Release|Any CPU.ActiveCfg = Release|Any CPU
		{E6A77C14-E934-4465-8AE0-47255F0C8FE5}.Release|Any CPU.Build.0 = Release|Any CPU
		{1A08C106-C439-4CEA-8865-98DEA5068C30}.Debug|Any CPU.ActiveCfg = Debug|Any CPU
		{1A08C106-C439-4CEA-8865-98DEA5068C30}.Debug|Any CPU.Build.0 = Debug|Any CPU
		{1A08C106-C439-4CEA-8865-98DEA5068C30}.Release|Any CPU.ActiveCfg = Release|Any CPU
		{1A08C106-C439-4CEA-8865-98DEA5068C30}.Release|Any CPU.Build.0 = Release|Any CPU
		{A640DCB3-39DA-4005-BCE6-C6DB3410479F}.Debug|Any CPU.ActiveCfg = Debug|Any CPU
		{A640DCB3-39DA-4005-BCE6-C6DB3410479F}.Debug|Any CPU.Build.0 = Debug|Any CPU
		{A640DCB3-39DA-4005-BCE6-C6DB3410479F}.Release|Any CPU.ActiveCfg = Release|Any CPU
		{A640DCB3-39DA-4005-BCE6-C6DB3410479F}.Release|Any CPU.Build.0 = Release|Any CPU
		{B0EEA8C1-DD6E-4F9D-B43E-5D7244C9A032}.Debug|Any CPU.ActiveCfg = Debug|Any CPU
		{B0EEA8C1-DD6E-4F9D-B43E-5D7244C9A032}.Debug|Any CPU.Build.0 = Debug|Any CPU
		{B0EEA8C1-DD6E-4F9D-B43E-5D7244C9A032}.Release|Any CPU.ActiveCfg = Release|Any CPU
		{B0EEA8C1-DD6E-4F9D-B43E-5D7244C9A032}.Release|Any CPU.Build.0 = Release|Any CPU
		{268A5243-FEA7-46BD-9CDC-CAA3F789067E}.Debug|Any CPU.ActiveCfg = Debug|Any CPU
		{268A5243-FEA7-46BD-9CDC-CAA3F789067E}.Debug|Any CPU.Build.0 = Debug|Any CPU
		{268A5243-FEA7-46BD-9CDC-CAA3F789067E}.Release|Any CPU.ActiveCfg = Release|Any CPU
		{268A5243-FEA7-46BD-9CDC-CAA3F789067E}.Release|Any CPU.Build.0 = Release|Any CPU
		{E0E3F3D0-048D-458A-B57E-DFF85CBBE777}.Debug|Any CPU.ActiveCfg = Debug|Any CPU
		{E0E3F3D0-048D-458A-B57E-DFF85CBBE777}.Debug|Any CPU.Build.0 = Debug|Any CPU
		{E0E3F3D0-048D-458A-B57E-DFF85CBBE777}.Release|Any CPU.ActiveCfg = Release|Any CPU
		{E0E3F3D0-048D-458A-B57E-DFF85CBBE777}.Release|Any CPU.Build.0 = Release|Any CPU
		{9B3F49DD-7C89-4EF8-B3CF-E6E07A876B07}.Debug|Any CPU.ActiveCfg = Debug|Any CPU
		{9B3F49DD-7C89-4EF8-B3CF-E6E07A876B07}.Debug|Any CPU.Build.0 = Debug|Any CPU
		{9B3F49DD-7C89-4EF8-B3CF-E6E07A876B07}.Release|Any CPU.ActiveCfg = Release|Any CPU
		{9B3F49DD-7C89-4EF8-B3CF-E6E07A876B07}.Release|Any CPU.Build.0 = Release|Any CPU
		{6A641218-5742-42A2-8503-987A6102D248}.Debug|Any CPU.ActiveCfg = Debug|Any CPU
		{6A641218-5742-42A2-8503-987A6102D248}.Debug|Any CPU.Build.0 = Debug|Any CPU
		{6A641218-5742-42A2-8503-987A6102D248}.Release|Any CPU.ActiveCfg = Release|Any CPU
		{6A641218-5742-42A2-8503-987A6102D248}.Release|Any CPU.Build.0 = Release|Any CPU
		{A16B965E-514B-4716-85A0-34BF06FA9814}.Debug|Any CPU.ActiveCfg = Debug|Any CPU
		{A16B965E-514B-4716-85A0-34BF06FA9814}.Debug|Any CPU.Build.0 = Debug|Any CPU
		{A16B965E-514B-4716-85A0-34BF06FA9814}.Release|Any CPU.ActiveCfg = Release|Any CPU
		{A16B965E-514B-4716-85A0-34BF06FA9814}.Release|Any CPU.Build.0 = Release|Any CPU
		{47FE40E1-3AD1-474D-A8D5-CF109D76EE69}.Debug|Any CPU.ActiveCfg = Debug|Any CPU
		{47FE40E1-3AD1-474D-A8D5-CF109D76EE69}.Debug|Any CPU.Build.0 = Debug|Any CPU
		{47FE40E1-3AD1-474D-A8D5-CF109D76EE69}.Release|Any CPU.ActiveCfg = Release|Any CPU
		{47FE40E1-3AD1-474D-A8D5-CF109D76EE69}.Release|Any CPU.Build.0 = Release|Any CPU
		{084F2F38-AE85-4178-B323-22DE8E946236}.Debug|Any CPU.ActiveCfg = Debug|Any CPU
		{084F2F38-AE85-4178-B323-22DE8E946236}.Debug|Any CPU.Build.0 = Debug|Any CPU
		{084F2F38-AE85-4178-B323-22DE8E946236}.Release|Any CPU.ActiveCfg = Release|Any CPU
		{084F2F38-AE85-4178-B323-22DE8E946236}.Release|Any CPU.Build.0 = Release|Any CPU
		{D9B9E9F6-C1D9-43CC-90ED-8A11FC0851DC}.Debug|Any CPU.ActiveCfg = Debug|Any CPU
		{D9B9E9F6-C1D9-43CC-90ED-8A11FC0851DC}.Debug|Any CPU.Build.0 = Debug|Any CPU
		{D9B9E9F6-C1D9-43CC-90ED-8A11FC0851DC}.Release|Any CPU.ActiveCfg = Release|Any CPU
		{D9B9E9F6-C1D9-43CC-90ED-8A11FC0851DC}.Release|Any CPU.Build.0 = Release|Any CPU
		{7E379F6E-0CF2-40FC-A986-7EE65063AF4A}.Debug|Any CPU.ActiveCfg = Debug|Any CPU
		{7E379F6E-0CF2-40FC-A986-7EE65063AF4A}.Debug|Any CPU.Build.0 = Debug|Any CPU
		{7E379F6E-0CF2-40FC-A986-7EE65063AF4A}.Release|Any CPU.ActiveCfg = Release|Any CPU
		{7E379F6E-0CF2-40FC-A986-7EE65063AF4A}.Release|Any CPU.Build.0 = Release|Any CPU
		{B0B3D3A8-0606-48FB-9B32-F0B59CF124D6}.Debug|Any CPU.ActiveCfg = Debug|Any CPU
		{B0B3D3A8-0606-48FB-9B32-F0B59CF124D6}.Debug|Any CPU.Build.0 = Debug|Any CPU
		{B0B3D3A8-0606-48FB-9B32-F0B59CF124D6}.Release|Any CPU.ActiveCfg = Release|Any CPU
		{B0B3D3A8-0606-48FB-9B32-F0B59CF124D6}.Release|Any CPU.Build.0 = Release|Any CPU
		{9A0E9D6C-F37D-4932-B329-9D41BDABE186}.Debug|Any CPU.ActiveCfg = Debug|Any CPU
		{9A0E9D6C-F37D-4932-B329-9D41BDABE186}.Debug|Any CPU.Build.0 = Debug|Any CPU
		{9A0E9D6C-F37D-4932-B329-9D41BDABE186}.Release|Any CPU.ActiveCfg = Release|Any CPU
		{9A0E9D6C-F37D-4932-B329-9D41BDABE186}.Release|Any CPU.Build.0 = Release|Any CPU
		{4E2D7D08-CB4A-4A4D-8BE7-651B2721C30A}.Debug|Any CPU.ActiveCfg = Debug|Any CPU
		{4E2D7D08-CB4A-4A4D-8BE7-651B2721C30A}.Debug|Any CPU.Build.0 = Debug|Any CPU
		{4E2D7D08-CB4A-4A4D-8BE7-651B2721C30A}.Release|Any CPU.ActiveCfg = Release|Any CPU
		{4E2D7D08-CB4A-4A4D-8BE7-651B2721C30A}.Release|Any CPU.Build.0 = Release|Any CPU
		{7C1F2E4C-5D86-496F-9156-8D3A05D584E1}.Debug|Any CPU.ActiveCfg = Debug|Any CPU
		{7C1F2E4C-5D86-496F-9156-8D3A05D584E1}.Debug|Any CPU.Build.0 = Debug|Any CPU
		{7C1F2E4C-5D86-496F-9156-8D3A05D584E1}.Release|Any CPU.ActiveCfg = Release|Any CPU
		{7C1F2E4C-5D86-496F-9156-8D3A05D584E1}.Release|Any CPU.Build.0 = Release|Any CPU
		{A6B55D50-9CBB-474A-9504-31A3AF2DE2C9}.Debug|Any CPU.ActiveCfg = Debug|Any CPU
		{A6B55D50-9CBB-474A-9504-31A3AF2DE2C9}.Debug|Any CPU.Build.0 = Debug|Any CPU
		{A6B55D50-9CBB-474A-9504-31A3AF2DE2C9}.Release|Any CPU.ActiveCfg = Release|Any CPU
		{A6B55D50-9CBB-474A-9504-31A3AF2DE2C9}.Release|Any CPU.Build.0 = Release|Any CPU
		{A8B547FB-C61A-4200-B0D8-1D1AF013945D}.Debug|Any CPU.ActiveCfg = Debug|Any CPU
		{A8B547FB-C61A-4200-B0D8-1D1AF013945D}.Debug|Any CPU.Build.0 = Debug|Any CPU
		{A8B547FB-C61A-4200-B0D8-1D1AF013945D}.Release|Any CPU.ActiveCfg = Release|Any CPU
		{A8B547FB-C61A-4200-B0D8-1D1AF013945D}.Release|Any CPU.Build.0 = Release|Any CPU
		{BCFD1919-660B-426E-A493-04609A3BBEEE}.Debug|Any CPU.ActiveCfg = Debug|Any CPU
		{BCFD1919-660B-426E-A493-04609A3BBEEE}.Debug|Any CPU.Build.0 = Debug|Any CPU
		{BCFD1919-660B-426E-A493-04609A3BBEEE}.Release|Any CPU.ActiveCfg = Release|Any CPU
		{BCFD1919-660B-426E-A493-04609A3BBEEE}.Release|Any CPU.Build.0 = Release|Any CPU
		{21272019-7708-4B2B-8152-63DA130C944C}.Debug|Any CPU.ActiveCfg = Debug|Any CPU
		{21272019-7708-4B2B-8152-63DA130C944C}.Debug|Any CPU.Build.0 = Debug|Any CPU
		{21272019-7708-4B2B-8152-63DA130C944C}.Release|Any CPU.ActiveCfg = Release|Any CPU
		{21272019-7708-4B2B-8152-63DA130C944C}.Release|Any CPU.Build.0 = Release|Any CPU
		{37ADD849-8D85-48C9-8C6B-58EDD045ACAF}.Debug|Any CPU.ActiveCfg = Debug|Any CPU
		{37ADD849-8D85-48C9-8C6B-58EDD045ACAF}.Debug|Any CPU.Build.0 = Debug|Any CPU
		{37ADD849-8D85-48C9-8C6B-58EDD045ACAF}.Release|Any CPU.ActiveCfg = Release|Any CPU
		{37ADD849-8D85-48C9-8C6B-58EDD045ACAF}.Release|Any CPU.Build.0 = Release|Any CPU
		{9FA2223C-60C7-4532-BEC4-06803FCD5622}.Debug|Any CPU.ActiveCfg = Debug|Any CPU
		{9FA2223C-60C7-4532-BEC4-06803FCD5622}.Debug|Any CPU.Build.0 = Debug|Any CPU
		{9FA2223C-60C7-4532-BEC4-06803FCD5622}.Release|Any CPU.ActiveCfg = Release|Any CPU
		{9FA2223C-60C7-4532-BEC4-06803FCD5622}.Release|Any CPU.Build.0 = Release|Any CPU
		{043EEAAB-71BC-4ED9-8553-FAEDEB7CE9BA}.Debug|Any CPU.ActiveCfg = Debug|Any CPU
		{043EEAAB-71BC-4ED9-8553-FAEDEB7CE9BA}.Debug|Any CPU.Build.0 = Debug|Any CPU
		{043EEAAB-71BC-4ED9-8553-FAEDEB7CE9BA}.Release|Any CPU.ActiveCfg = Release|Any CPU
		{043EEAAB-71BC-4ED9-8553-FAEDEB7CE9BA}.Release|Any CPU.Build.0 = Release|Any CPU
		{F64F7B13-FCC8-426B-A542-FAB613322FEC}.Debug|Any CPU.ActiveCfg = Debug|Any CPU
		{F64F7B13-FCC8-426B-A542-FAB613322FEC}.Debug|Any CPU.Build.0 = Debug|Any CPU
		{F64F7B13-FCC8-426B-A542-FAB613322FEC}.Release|Any CPU.ActiveCfg = Release|Any CPU
		{F64F7B13-FCC8-426B-A542-FAB613322FEC}.Release|Any CPU.Build.0 = Release|Any CPU
		{AAD6EB80-738F-4A66-A405-FA1E027C7873}.Debug|Any CPU.ActiveCfg = Debug|Any CPU
		{AAD6EB80-738F-4A66-A405-FA1E027C7873}.Debug|Any CPU.Build.0 = Debug|Any CPU
		{AAD6EB80-738F-4A66-A405-FA1E027C7873}.Release|Any CPU.ActiveCfg = Release|Any CPU
		{AAD6EB80-738F-4A66-A405-FA1E027C7873}.Release|Any CPU.Build.0 = Release|Any CPU
		{F3E42273-2E3A-4DA6-A4AB-E38D4AF953C6}.Debug|Any CPU.ActiveCfg = Debug|Any CPU
		{F3E42273-2E3A-4DA6-A4AB-E38D4AF953C6}.Debug|Any CPU.Build.0 = Debug|Any CPU
		{F3E42273-2E3A-4DA6-A4AB-E38D4AF953C6}.Release|Any CPU.ActiveCfg = Release|Any CPU
		{F3E42273-2E3A-4DA6-A4AB-E38D4AF953C6}.Release|Any CPU.Build.0 = Release|Any CPU
		{A8274BBA-ADFD-4349-9A1D-FD059C19D4D1}.Debug|Any CPU.ActiveCfg = Debug|Any CPU
		{A8274BBA-ADFD-4349-9A1D-FD059C19D4D1}.Debug|Any CPU.Build.0 = Debug|Any CPU
		{A8274BBA-ADFD-4349-9A1D-FD059C19D4D1}.Release|Any CPU.ActiveCfg = Release|Any CPU
		{A8274BBA-ADFD-4349-9A1D-FD059C19D4D1}.Release|Any CPU.Build.0 = Release|Any CPU
		{B37135F3-CFAC-4604-A994-8F5804991ECD}.Debug|Any CPU.ActiveCfg = Debug|Any CPU
		{B37135F3-CFAC-4604-A994-8F5804991ECD}.Debug|Any CPU.Build.0 = Debug|Any CPU
		{B37135F3-CFAC-4604-A994-8F5804991ECD}.Release|Any CPU.ActiveCfg = Release|Any CPU
		{B37135F3-CFAC-4604-A994-8F5804991ECD}.Release|Any CPU.Build.0 = Release|Any CPU
		{AF136DD5-7D60-42BF-AECC-4D8B3A545439}.Debug|Any CPU.ActiveCfg = Debug|Any CPU
		{AF136DD5-7D60-42BF-AECC-4D8B3A545439}.Debug|Any CPU.Build.0 = Debug|Any CPU
		{AF136DD5-7D60-42BF-AECC-4D8B3A545439}.Release|Any CPU.ActiveCfg = Release|Any CPU
		{AF136DD5-7D60-42BF-AECC-4D8B3A545439}.Release|Any CPU.Build.0 = Release|Any CPU
		{FF791BA2-2FD2-4E5E-B681-463535FD7E13}.Debug|Any CPU.ActiveCfg = Debug|Any CPU
		{FF791BA2-2FD2-4E5E-B681-463535FD7E13}.Debug|Any CPU.Build.0 = Debug|Any CPU
		{FF791BA2-2FD2-4E5E-B681-463535FD7E13}.Release|Any CPU.ActiveCfg = Release|Any CPU
		{FF791BA2-2FD2-4E5E-B681-463535FD7E13}.Release|Any CPU.Build.0 = Release|Any CPU
		{ECF34F73-170C-4659-9F09-10A791B10147}.Debug|Any CPU.ActiveCfg = Debug|Any CPU
		{ECF34F73-170C-4659-9F09-10A791B10147}.Debug|Any CPU.Build.0 = Debug|Any CPU
		{ECF34F73-170C-4659-9F09-10A791B10147}.Release|Any CPU.ActiveCfg = Release|Any CPU
		{ECF34F73-170C-4659-9F09-10A791B10147}.Release|Any CPU.Build.0 = Release|Any CPU
		{99AC60FE-BE9D-4DF3-A3B0-4BA0C013BE11}.Debug|Any CPU.ActiveCfg = Debug|Any CPU
		{99AC60FE-BE9D-4DF3-A3B0-4BA0C013BE11}.Debug|Any CPU.Build.0 = Debug|Any CPU
		{99AC60FE-BE9D-4DF3-A3B0-4BA0C013BE11}.Release|Any CPU.ActiveCfg = Release|Any CPU
		{99AC60FE-BE9D-4DF3-A3B0-4BA0C013BE11}.Release|Any CPU.Build.0 = Release|Any CPU
		{37EF8582-BFFC-4307-8126-013140B8A6B7}.Debug|Any CPU.ActiveCfg = Debug|Any CPU
		{37EF8582-BFFC-4307-8126-013140B8A6B7}.Debug|Any CPU.Build.0 = Debug|Any CPU
		{37EF8582-BFFC-4307-8126-013140B8A6B7}.Release|Any CPU.ActiveCfg = Release|Any CPU
		{37EF8582-BFFC-4307-8126-013140B8A6B7}.Release|Any CPU.Build.0 = Release|Any CPU
		{5D7C795D-18DA-4F43-954E-BD9534911CDE}.Debug|Any CPU.ActiveCfg = Debug|Any CPU
		{5D7C795D-18DA-4F43-954E-BD9534911CDE}.Debug|Any CPU.Build.0 = Debug|Any CPU
		{5D7C795D-18DA-4F43-954E-BD9534911CDE}.Release|Any CPU.ActiveCfg = Release|Any CPU
		{5D7C795D-18DA-4F43-954E-BD9534911CDE}.Release|Any CPU.Build.0 = Release|Any CPU
		{DF755A93-E42E-4D42-A0EE-73F57D9EE036}.Debug|Any CPU.ActiveCfg = Debug|Any CPU
		{DF755A93-E42E-4D42-A0EE-73F57D9EE036}.Debug|Any CPU.Build.0 = Debug|Any CPU
		{DF755A93-E42E-4D42-A0EE-73F57D9EE036}.Release|Any CPU.ActiveCfg = Release|Any CPU
		{DF755A93-E42E-4D42-A0EE-73F57D9EE036}.Release|Any CPU.Build.0 = Release|Any CPU
		{431B613F-0566-48E4-9848-53A04F664C74}.Debug|Any CPU.ActiveCfg = Debug|Any CPU
		{431B613F-0566-48E4-9848-53A04F664C74}.Debug|Any CPU.Build.0 = Debug|Any CPU
		{431B613F-0566-48E4-9848-53A04F664C74}.Release|Any CPU.ActiveCfg = Release|Any CPU
		{431B613F-0566-48E4-9848-53A04F664C74}.Release|Any CPU.Build.0 = Release|Any CPU
		{7A7D11E6-FA24-4F66-BD16-1CE4FC7A62FA}.Debug|Any CPU.ActiveCfg = Debug|Any CPU
		{7A7D11E6-FA24-4F66-BD16-1CE4FC7A62FA}.Debug|Any CPU.Build.0 = Debug|Any CPU
		{7A7D11E6-FA24-4F66-BD16-1CE4FC7A62FA}.Release|Any CPU.ActiveCfg = Release|Any CPU
		{7A7D11E6-FA24-4F66-BD16-1CE4FC7A62FA}.Release|Any CPU.Build.0 = Release|Any CPU
		{2909F40F-DB91-410B-8373-285DD13A55AE}.Debug|Any CPU.ActiveCfg = Debug|Any CPU
		{2909F40F-DB91-410B-8373-285DD13A55AE}.Debug|Any CPU.Build.0 = Debug|Any CPU
		{2909F40F-DB91-410B-8373-285DD13A55AE}.Release|Any CPU.ActiveCfg = Release|Any CPU
		{2909F40F-DB91-410B-8373-285DD13A55AE}.Release|Any CPU.Build.0 = Release|Any CPU
		{97648F32-65A8-473B-AA32-DB8505560679}.Debug|Any CPU.ActiveCfg = Debug|Any CPU
		{97648F32-65A8-473B-AA32-DB8505560679}.Debug|Any CPU.Build.0 = Debug|Any CPU
		{97648F32-65A8-473B-AA32-DB8505560679}.Release|Any CPU.ActiveCfg = Release|Any CPU
		{97648F32-65A8-473B-AA32-DB8505560679}.Release|Any CPU.Build.0 = Release|Any CPU
		{99939E2C-1DFC-4983-8089-10B20EF99198}.Debug|Any CPU.ActiveCfg = Debug|Any CPU
		{99939E2C-1DFC-4983-8089-10B20EF99198}.Debug|Any CPU.Build.0 = Debug|Any CPU
		{99939E2C-1DFC-4983-8089-10B20EF99198}.Release|Any CPU.ActiveCfg = Release|Any CPU
		{99939E2C-1DFC-4983-8089-10B20EF99198}.Release|Any CPU.Build.0 = Release|Any CPU
		{E8667BD1-509F-4C33-9FDC-628563688AA5}.Debug|Any CPU.ActiveCfg = Debug|Any CPU
		{E8667BD1-509F-4C33-9FDC-628563688AA5}.Debug|Any CPU.Build.0 = Debug|Any CPU
		{E8667BD1-509F-4C33-9FDC-628563688AA5}.Release|Any CPU.ActiveCfg = Release|Any CPU
		{E8667BD1-509F-4C33-9FDC-628563688AA5}.Release|Any CPU.Build.0 = Release|Any CPU
		{39A8B55B-2610-4BEA-A1DB-D9A3D0FC081D}.Debug|Any CPU.ActiveCfg = Debug|Any CPU
		{39A8B55B-2610-4BEA-A1DB-D9A3D0FC081D}.Debug|Any CPU.Build.0 = Debug|Any CPU
		{39A8B55B-2610-4BEA-A1DB-D9A3D0FC081D}.Release|Any CPU.ActiveCfg = Release|Any CPU
		{39A8B55B-2610-4BEA-A1DB-D9A3D0FC081D}.Release|Any CPU.Build.0 = Release|Any CPU
		{0F82DBDF-1E93-4C3A-8E6B-8C99747F593F}.Debug|Any CPU.ActiveCfg = Debug|Any CPU
		{0F82DBDF-1E93-4C3A-8E6B-8C99747F593F}.Debug|Any CPU.Build.0 = Debug|Any CPU
		{0F82DBDF-1E93-4C3A-8E6B-8C99747F593F}.Release|Any CPU.ActiveCfg = Release|Any CPU
		{0F82DBDF-1E93-4C3A-8E6B-8C99747F593F}.Release|Any CPU.Build.0 = Release|Any CPU
		{2DCF0D67-C073-460B-9E43-BDA773C0ED3A}.Debug|Any CPU.ActiveCfg = Debug|Any CPU
		{2DCF0D67-C073-460B-9E43-BDA773C0ED3A}.Debug|Any CPU.Build.0 = Debug|Any CPU
		{2DCF0D67-C073-460B-9E43-BDA773C0ED3A}.Release|Any CPU.ActiveCfg = Release|Any CPU
		{2DCF0D67-C073-460B-9E43-BDA773C0ED3A}.Release|Any CPU.Build.0 = Release|Any CPU
		{6ADD3B59-B865-4997-B9D1-1C147858947E}.Debug|Any CPU.ActiveCfg = Debug|Any CPU
		{6ADD3B59-B865-4997-B9D1-1C147858947E}.Debug|Any CPU.Build.0 = Debug|Any CPU
		{6ADD3B59-B865-4997-B9D1-1C147858947E}.Release|Any CPU.ActiveCfg = Release|Any CPU
		{6ADD3B59-B865-4997-B9D1-1C147858947E}.Release|Any CPU.Build.0 = Release|Any CPU
		{1EFF2B3A-BD8D-4328-80C4-6B7581F8349B}.Debug|Any CPU.ActiveCfg = Debug|Any CPU
		{1EFF2B3A-BD8D-4328-80C4-6B7581F8349B}.Debug|Any CPU.Build.0 = Debug|Any CPU
		{1EFF2B3A-BD8D-4328-80C4-6B7581F8349B}.Release|Any CPU.ActiveCfg = Release|Any CPU
		{1EFF2B3A-BD8D-4328-80C4-6B7581F8349B}.Release|Any CPU.Build.0 = Release|Any CPU
		{1620F3D7-7326-4347-9782-ACAD02F8B36A}.Debug|Any CPU.ActiveCfg = Debug|Any CPU
		{1620F3D7-7326-4347-9782-ACAD02F8B36A}.Debug|Any CPU.Build.0 = Debug|Any CPU
		{1620F3D7-7326-4347-9782-ACAD02F8B36A}.Release|Any CPU.ActiveCfg = Release|Any CPU
		{1620F3D7-7326-4347-9782-ACAD02F8B36A}.Release|Any CPU.Build.0 = Release|Any CPU
		{2F9CBA58-4DCD-4B3E-A7F0-097B98A8AC01}.Debug|Any CPU.ActiveCfg = Debug|Any CPU
		{2F9CBA58-4DCD-4B3E-A7F0-097B98A8AC01}.Debug|Any CPU.Build.0 = Debug|Any CPU
		{2F9CBA58-4DCD-4B3E-A7F0-097B98A8AC01}.Release|Any CPU.ActiveCfg = Release|Any CPU
		{2F9CBA58-4DCD-4B3E-A7F0-097B98A8AC01}.Release|Any CPU.Build.0 = Release|Any CPU
		{A7B40F17-669D-4B2D-A21A-90835F02E75D}.Debug|Any CPU.ActiveCfg = Debug|Any CPU
		{A7B40F17-669D-4B2D-A21A-90835F02E75D}.Debug|Any CPU.Build.0 = Debug|Any CPU
		{A7B40F17-669D-4B2D-A21A-90835F02E75D}.Release|Any CPU.ActiveCfg = Release|Any CPU
		{A7B40F17-669D-4B2D-A21A-90835F02E75D}.Release|Any CPU.Build.0 = Release|Any CPU
		{804BBFCB-8EE8-4655-8CEF-2E6C5AFAE395}.Debug|Any CPU.ActiveCfg = Debug|Any CPU
		{804BBFCB-8EE8-4655-8CEF-2E6C5AFAE395}.Debug|Any CPU.Build.0 = Debug|Any CPU
		{804BBFCB-8EE8-4655-8CEF-2E6C5AFAE395}.Release|Any CPU.ActiveCfg = Release|Any CPU
		{804BBFCB-8EE8-4655-8CEF-2E6C5AFAE395}.Release|Any CPU.Build.0 = Release|Any CPU
		{502EF3EE-1810-4398-BCAA-A9410C46346A}.Debug|Any CPU.ActiveCfg = Debug|Any CPU
		{502EF3EE-1810-4398-BCAA-A9410C46346A}.Debug|Any CPU.Build.0 = Debug|Any CPU
		{502EF3EE-1810-4398-BCAA-A9410C46346A}.Release|Any CPU.ActiveCfg = Release|Any CPU
		{502EF3EE-1810-4398-BCAA-A9410C46346A}.Release|Any CPU.Build.0 = Release|Any CPU
		{27A274C7-A1C3-4A32-B62A-8D0ACF2E3207}.Debug|Any CPU.ActiveCfg = Debug|Any CPU
		{27A274C7-A1C3-4A32-B62A-8D0ACF2E3207}.Debug|Any CPU.Build.0 = Debug|Any CPU
		{27A274C7-A1C3-4A32-B62A-8D0ACF2E3207}.Release|Any CPU.ActiveCfg = Release|Any CPU
		{27A274C7-A1C3-4A32-B62A-8D0ACF2E3207}.Release|Any CPU.Build.0 = Release|Any CPU
		{C5362824-077E-40E7-80F6-EB581219FB76}.Debug|Any CPU.ActiveCfg = Debug|Any CPU
		{C5362824-077E-40E7-80F6-EB581219FB76}.Debug|Any CPU.Build.0 = Debug|Any CPU
		{C5362824-077E-40E7-80F6-EB581219FB76}.Release|Any CPU.ActiveCfg = Release|Any CPU
		{C5362824-077E-40E7-80F6-EB581219FB76}.Release|Any CPU.Build.0 = Release|Any CPU
		{A4DA9D1B-E241-47C1-BE92-E69EDE17AD2E}.Debug|Any CPU.ActiveCfg = Debug|Any CPU
		{A4DA9D1B-E241-47C1-BE92-E69EDE17AD2E}.Debug|Any CPU.Build.0 = Debug|Any CPU
		{A4DA9D1B-E241-47C1-BE92-E69EDE17AD2E}.Release|Any CPU.ActiveCfg = Release|Any CPU
		{A4DA9D1B-E241-47C1-BE92-E69EDE17AD2E}.Release|Any CPU.Build.0 = Release|Any CPU
		{A1ADC23D-DA4E-46E4-9753-34C9EC2DB1BF}.Debug|Any CPU.ActiveCfg = Debug|Any CPU
		{A1ADC23D-DA4E-46E4-9753-34C9EC2DB1BF}.Debug|Any CPU.Build.0 = Debug|Any CPU
		{A1ADC23D-DA4E-46E4-9753-34C9EC2DB1BF}.Release|Any CPU.ActiveCfg = Release|Any CPU
		{A1ADC23D-DA4E-46E4-9753-34C9EC2DB1BF}.Release|Any CPU.Build.0 = Release|Any CPU
		{9E812F22-F3BC-43EC-AE81-BB504A47FC22}.Debug|Any CPU.ActiveCfg = Debug|Any CPU
		{9E812F22-F3BC-43EC-AE81-BB504A47FC22}.Debug|Any CPU.Build.0 = Debug|Any CPU
		{9E812F22-F3BC-43EC-AE81-BB504A47FC22}.Release|Any CPU.ActiveCfg = Release|Any CPU
		{9E812F22-F3BC-43EC-AE81-BB504A47FC22}.Release|Any CPU.Build.0 = Release|Any CPU
	EndGlobalSection
	GlobalSection(SolutionProperties) = preSolution
		HideSolutionNode = FALSE
	EndGlobalSection
	GlobalSection(NestedProjects) = preSolution
		{3F6DA869-5EA2-440A-9AAA-73A08059EFC2} = {3BF59989-46A4-4C32-83D7-ECD216F093A6}
		{E204B50D-A086-465C-9DB0-FED0110CA0D4} = {3BF59989-46A4-4C32-83D7-ECD216F093A6}
		{24DCB25C-C134-4838-976F-6B635C047367} = {3BF59989-46A4-4C32-83D7-ECD216F093A6}
		{788B015A-BD51-470D-BC0F-BBB166F38198} = {3BF59989-46A4-4C32-83D7-ECD216F093A6}
		{50B27D35-9E78-4E29-9989-44A57A33B752} = {3BF59989-46A4-4C32-83D7-ECD216F093A6}
		{667C93B3-8012-4DFF-8B8F-3BE469E8DBAC} = {3BF59989-46A4-4C32-83D7-ECD216F093A6}
		{95958DEE-512E-4DC8-BB51-55B05973A73B} = {3BF59989-46A4-4C32-83D7-ECD216F093A6}
		{19A71123-D97A-4086-9C17-64C9505DCA3E} = {3BF59989-46A4-4C32-83D7-ECD216F093A6}
		{E5BB199B-7F32-4DC3-886B-7BB72D09CDFD} = {3BF59989-46A4-4C32-83D7-ECD216F093A6}
		{E98D2D14-7964-4818-869A-168DDE3F06E8} = {3BF59989-46A4-4C32-83D7-ECD216F093A6}
		{0D5BAB62-A6C6-44C3-8635-7A320C6E9750} = {3BF59989-46A4-4C32-83D7-ECD216F093A6}
		{5ABA8671-E2DD-4F02-866A-2CD1FED5C798} = {3BF59989-46A4-4C32-83D7-ECD216F093A6}
		{4B187F83-5510-4FF3-B076-E87B468775B7} = {3BF59989-46A4-4C32-83D7-ECD216F093A6}
		{913E81E5-BC46-411A-B69C-AE17C4125FF4} = {3BF59989-46A4-4C32-83D7-ECD216F093A6}
		{17C77CF1-61DC-47B0-BF20-6FE5ADE23F00} = {58ECE409-0952-431D-BA56-4F7AD7A83A92}
		{112FD7A7-9BEA-4832-A073-7C4B8E0E7A3E} = {58ECE409-0952-431D-BA56-4F7AD7A83A92}
		{B7EB1169-DAAF-42A7-8013-7C98784DFFC7} = {58ECE409-0952-431D-BA56-4F7AD7A83A92}
		{90DE0D3C-FC50-4F35-9902-58EFCEB6159D} = {58ECE409-0952-431D-BA56-4F7AD7A83A92}
		{513E4136-CD3E-4A8E-BA06-5955E65ADD50} = {58ECE409-0952-431D-BA56-4F7AD7A83A92}
		{27BD023D-B3EB-47B6-93C5-EAA75F901E4C} = {58ECE409-0952-431D-BA56-4F7AD7A83A92}
		{744E142C-CE8C-4625-948E-066545025199} = {58ECE409-0952-431D-BA56-4F7AD7A83A92}
		{A05A9CFB-0C22-40CD-9770-6E4E7509DE8B} = {58ECE409-0952-431D-BA56-4F7AD7A83A92}
		{4818F22E-3769-48CC-AAAB-2B7A5E464931} = {58ECE409-0952-431D-BA56-4F7AD7A83A92}
		{BA09F3BA-4FDE-4A34-8589-11645E2633F5} = {58ECE409-0952-431D-BA56-4F7AD7A83A92}
		{C9B59AC3-9360-42CD-9D38-2F2932D19E9A} = {58ECE409-0952-431D-BA56-4F7AD7A83A92}
		{6729C15B-F5C6-4A96-B172-24365AF59512} = {58ECE409-0952-431D-BA56-4F7AD7A83A92}
		{0EA0E81E-C5C1-4CAF-8766-63861DB6D78A} = {58ECE409-0952-431D-BA56-4F7AD7A83A92}
		{CF593DD9-8BC6-47C7-A6EF-06D1CAA0D63A} = {C4C35060-EE61-4701-A968-2495676AD250}
		{D9EEE5C0-2400-4574-A1ED-823BB0CEE533} = {C4C35060-EE61-4701-A968-2495676AD250}
		{155689EC-0B2E-4F15-A789-9C398F9EBC9A} = {C4C35060-EE61-4701-A968-2495676AD250}
		{B5AF197C-79CC-4A1E-AD80-62CACC7B44E5} = {C4C35060-EE61-4701-A968-2495676AD250}
		{38709464-DD4D-4DF9-A1A1-650A8B485459} = {C4C35060-EE61-4701-A968-2495676AD250}
		{2C9A4784-CF91-4C48-A132-7AA02784AED1} = {C4C35060-EE61-4701-A968-2495676AD250}
		{EB88686A-8CE1-4EEF-8CAA-42873ADEBD5B} = {C4C35060-EE61-4701-A968-2495676AD250}
		{8C9CC255-AD81-4475-AD33-A56094DE8FEB} = {C4C35060-EE61-4701-A968-2495676AD250}
		{1B9691E5-AAFC-4F3C-AAC2-795381C5D774} = {C4C35060-EE61-4701-A968-2495676AD250}
		{863B9D31-8871-42FB-B776-312376A728EB} = {C4C35060-EE61-4701-A968-2495676AD250}
		{8975E5D5-E3C0-4E27-98A1-0D957311E657} = {C4C35060-EE61-4701-A968-2495676AD250}
		{F543B1F4-E724-47F6-A209-B20C5C39FB08} = {C4C35060-EE61-4701-A968-2495676AD250}
		{E6A77C14-E934-4465-8AE0-47255F0C8FE5} = {C4C35060-EE61-4701-A968-2495676AD250}
		{1A08C106-C439-4CEA-8865-98DEA5068C30} = {C4C35060-EE61-4701-A968-2495676AD250}
		{A640DCB3-39DA-4005-BCE6-C6DB3410479F} = {C4C35060-EE61-4701-A968-2495676AD250}
		{B0EEA8C1-DD6E-4F9D-B43E-5D7244C9A032} = {C4C35060-EE61-4701-A968-2495676AD250}
		{268A5243-FEA7-46BD-9CDC-CAA3F789067E} = {C4C35060-EE61-4701-A968-2495676AD250}
		{E0E3F3D0-048D-458A-B57E-DFF85CBBE777} = {C4C35060-EE61-4701-A968-2495676AD250}
		{9B3F49DD-7C89-4EF8-B3CF-E6E07A876B07} = {C4C35060-EE61-4701-A968-2495676AD250}
		{6A641218-5742-42A2-8503-987A6102D248} = {C4C35060-EE61-4701-A968-2495676AD250}
		{A16B965E-514B-4716-85A0-34BF06FA9814} = {C4C35060-EE61-4701-A968-2495676AD250}
		{47FE40E1-3AD1-474D-A8D5-CF109D76EE69} = {C4C35060-EE61-4701-A968-2495676AD250}
		{084F2F38-AE85-4178-B323-22DE8E946236} = {C4C35060-EE61-4701-A968-2495676AD250}
		{D9B9E9F6-C1D9-43CC-90ED-8A11FC0851DC} = {C4C35060-EE61-4701-A968-2495676AD250}
		{7E379F6E-0CF2-40FC-A986-7EE65063AF4A} = {C4C35060-EE61-4701-A968-2495676AD250}
		{B0B3D3A8-0606-48FB-9B32-F0B59CF124D6} = {C4C35060-EE61-4701-A968-2495676AD250}
		{9A0E9D6C-F37D-4932-B329-9D41BDABE186} = {C4C35060-EE61-4701-A968-2495676AD250}
		{4E2D7D08-CB4A-4A4D-8BE7-651B2721C30A} = {C4C35060-EE61-4701-A968-2495676AD250}
		{7C1F2E4C-5D86-496F-9156-8D3A05D584E1} = {C4C35060-EE61-4701-A968-2495676AD250}
		{A6B55D50-9CBB-474A-9504-31A3AF2DE2C9} = {C4C35060-EE61-4701-A968-2495676AD250}
		{A8B547FB-C61A-4200-B0D8-1D1AF013945D} = {C4C35060-EE61-4701-A968-2495676AD250}
		{BCFD1919-660B-426E-A493-04609A3BBEEE} = {C4C35060-EE61-4701-A968-2495676AD250}
		{21272019-7708-4B2B-8152-63DA130C944C} = {C4C35060-EE61-4701-A968-2495676AD250}
		{37ADD849-8D85-48C9-8C6B-58EDD045ACAF} = {C4C35060-EE61-4701-A968-2495676AD250}
		{9FA2223C-60C7-4532-BEC4-06803FCD5622} = {C4C35060-EE61-4701-A968-2495676AD250}
		{043EEAAB-71BC-4ED9-8553-FAEDEB7CE9BA} = {C4C35060-EE61-4701-A968-2495676AD250}
		{F64F7B13-FCC8-426B-A542-FAB613322FEC} = {C4C35060-EE61-4701-A968-2495676AD250}
		{AAD6EB80-738F-4A66-A405-FA1E027C7873} = {C4C35060-EE61-4701-A968-2495676AD250}
		{F3E42273-2E3A-4DA6-A4AB-E38D4AF953C6} = {C4C35060-EE61-4701-A968-2495676AD250}
		{A8274BBA-ADFD-4349-9A1D-FD059C19D4D1} = {C4C35060-EE61-4701-A968-2495676AD250}
		{B37135F3-CFAC-4604-A994-8F5804991ECD} = {C4C35060-EE61-4701-A968-2495676AD250}
		{AF136DD5-7D60-42BF-AECC-4D8B3A545439} = {C4C35060-EE61-4701-A968-2495676AD250}
		{FF791BA2-2FD2-4E5E-B681-463535FD7E13} = {C4C35060-EE61-4701-A968-2495676AD250}
		{ECF34F73-170C-4659-9F09-10A791B10147} = {C4C35060-EE61-4701-A968-2495676AD250}
		{99AC60FE-BE9D-4DF3-A3B0-4BA0C013BE11} = {C4C35060-EE61-4701-A968-2495676AD250}
		{37EF8582-BFFC-4307-8126-013140B8A6B7} = {C4C35060-EE61-4701-A968-2495676AD250}
		{5D7C795D-18DA-4F43-954E-BD9534911CDE} = {C4C35060-EE61-4701-A968-2495676AD250}
		{DF755A93-E42E-4D42-A0EE-73F57D9EE036} = {B5963AFA-8399-497B-94AC-C4B00582E7F2}
		{431B613F-0566-48E4-9848-53A04F664C74} = {B5963AFA-8399-497B-94AC-C4B00582E7F2}
		{7A7D11E6-FA24-4F66-BD16-1CE4FC7A62FA} = {B5963AFA-8399-497B-94AC-C4B00582E7F2}
		{2909F40F-DB91-410B-8373-285DD13A55AE} = {B5963AFA-8399-497B-94AC-C4B00582E7F2}
		{97648F32-65A8-473B-AA32-DB8505560679} = {B5963AFA-8399-497B-94AC-C4B00582E7F2}
		{99939E2C-1DFC-4983-8089-10B20EF99198} = {B5963AFA-8399-497B-94AC-C4B00582E7F2}
		{E8667BD1-509F-4C33-9FDC-628563688AA5} = {B5963AFA-8399-497B-94AC-C4B00582E7F2}
		{39A8B55B-2610-4BEA-A1DB-D9A3D0FC081D} = {B5963AFA-8399-497B-94AC-C4B00582E7F2}
		{0F82DBDF-1E93-4C3A-8E6B-8C99747F593F} = {B5963AFA-8399-497B-94AC-C4B00582E7F2}
		{2DCF0D67-C073-460B-9E43-BDA773C0ED3A} = {B5963AFA-8399-497B-94AC-C4B00582E7F2}
		{6ADD3B59-B865-4997-B9D1-1C147858947E} = {B5963AFA-8399-497B-94AC-C4B00582E7F2}
		{1EFF2B3A-BD8D-4328-80C4-6B7581F8349B} = {B5963AFA-8399-497B-94AC-C4B00582E7F2}
		{1620F3D7-7326-4347-9782-ACAD02F8B36A} = {B5963AFA-8399-497B-94AC-C4B00582E7F2}
		{2F9CBA58-4DCD-4B3E-A7F0-097B98A8AC01} = {B5963AFA-8399-497B-94AC-C4B00582E7F2}
		{A7B40F17-669D-4B2D-A21A-90835F02E75D} = {B5963AFA-8399-497B-94AC-C4B00582E7F2}
		{804BBFCB-8EE8-4655-8CEF-2E6C5AFAE395} = {B5963AFA-8399-497B-94AC-C4B00582E7F2}
		{502EF3EE-1810-4398-BCAA-A9410C46346A} = {B5963AFA-8399-497B-94AC-C4B00582E7F2}
		{27A274C7-A1C3-4A32-B62A-8D0ACF2E3207} = {B5963AFA-8399-497B-94AC-C4B00582E7F2}
		{C5362824-077E-40E7-80F6-EB581219FB76} = {C4C35060-EE61-4701-A968-2495676AD250}
		{A4DA9D1B-E241-47C1-BE92-E69EDE17AD2E} = {2883FD29-288E-4772-9B70-64C604FFA05E}
		{A1ADC23D-DA4E-46E4-9753-34C9EC2DB1BF} = {B5963AFA-8399-497B-94AC-C4B00582E7F2}
		{9E812F22-F3BC-43EC-AE81-BB504A47FC22} = {2883FD29-288E-4772-9B70-64C604FFA05E}
	EndGlobalSection
	GlobalSection(ExtensibilityGlobals) = postSolution
		SolutionGuid = {4EA075C6-7843-4D56-B83E-4B4E8D1AA025}
	EndGlobalSection
EndGlobal
